// !$*UTF8*$!
{
	archiveVersion = 1;
	classes = {
	};
	objectVersion = 56;
	objects = {

/* Begin PBXBuildFile section */
		8D07825E2B750BEC00AC2B4F /* UIColor+Extension.swift in Sources */ = {isa = PBXBuildFile; fileRef = 8D07825D2B750BEC00AC2B4F /* UIColor+Extension.swift */; };
		8D0782602B750D3300AC2B4F /* Color.xcassets in Resources */ = {isa = PBXBuildFile; fileRef = 8D07825F2B750D3200AC2B4F /* Color.xcassets */; };
		8D0782642B751B3E00AC2B4F /* InitialViewController.swift in Sources */ = {isa = PBXBuildFile; fileRef = 8D0782632B751B3E00AC2B4F /* InitialViewController.swift */; };
		8D0782692B751C0D00AC2B4F /* LandingViewController.swift in Sources */ = {isa = PBXBuildFile; fileRef = 8D0782682B751C0D00AC2B4F /* LandingViewController.swift */; };
		8D07826C2B751D5200AC2B4F /* UIView+Extenison.swift in Sources */ = {isa = PBXBuildFile; fileRef = 8D07826B2B751D5200AC2B4F /* UIView+Extenison.swift */; };
		8D6B4B0E2B7520B000A8CA85 /* Nunito-Bold.ttf in Resources */ = {isa = PBXBuildFile; fileRef = 8D6B4AFE2B7520AF00A8CA85 /* Nunito-Bold.ttf */; };
		8D6B4B102B7520B000A8CA85 /* Nunito-ExtraLight.ttf in Resources */ = {isa = PBXBuildFile; fileRef = 8D6B4B002B7520AF00A8CA85 /* Nunito-ExtraLight.ttf */; };
		8D6B4B142B7520B000A8CA85 /* Nunito-Regular.ttf in Resources */ = {isa = PBXBuildFile; fileRef = 8D6B4B042B7520AF00A8CA85 /* Nunito-Regular.ttf */; };
		8D6B4B172B7520B000A8CA85 /* Nunito-Light.ttf in Resources */ = {isa = PBXBuildFile; fileRef = 8D6B4B072B7520AF00A8CA85 /* Nunito-Light.ttf */; };
		8D6B4B1A2B7520B000A8CA85 /* Nunito-Medium.ttf in Resources */ = {isa = PBXBuildFile; fileRef = 8D6B4B0A2B7520B000A8CA85 /* Nunito-Medium.ttf */; };
		8D6B4B1C2B7520B000A8CA85 /* Nunito-SemiBold.ttf in Resources */ = {isa = PBXBuildFile; fileRef = 8D6B4B0C2B7520B000A8CA85 /* Nunito-SemiBold.ttf */; };
		8D6B4B1F2B75227800A8CA85 /* HeaderLabel.swift in Sources */ = {isa = PBXBuildFile; fileRef = 8D6B4B1E2B75227800A8CA85 /* HeaderLabel.swift */; };
		8D6B4B212B7522B600A8CA85 /* RegularLabel.swift in Sources */ = {isa = PBXBuildFile; fileRef = 8D6B4B202B7522B600A8CA85 /* RegularLabel.swift */; };
		8D6B4B232B7522D800A8CA85 /* MediumLabel.swift in Sources */ = {isa = PBXBuildFile; fileRef = 8D6B4B222B7522D800A8CA85 /* MediumLabel.swift */; };
		8D6B4B272B7524A900A8CA85 /* LandingCell.swift in Sources */ = {isa = PBXBuildFile; fileRef = 8D6B4B252B7524A900A8CA85 /* LandingCell.swift */; };
		8D6B4B282B7524A900A8CA85 /* LandingCell.xib in Resources */ = {isa = PBXBuildFile; fileRef = 8D6B4B262B7524A900A8CA85 /* LandingCell.xib */; };
		8D6B4B2D2B7525FA00A8CA85 /* ClassNameProtocol.swift in Sources */ = {isa = PBXBuildFile; fileRef = 8D6B4B2C2B7525FA00A8CA85 /* ClassNameProtocol.swift */; };
		8D6B4B302B75292600A8CA85 /* LandingViewModel.swift in Sources */ = {isa = PBXBuildFile; fileRef = 8D6B4B2F2B75292600A8CA85 /* LandingViewModel.swift */; };
		8D6B4B332B75294E00A8CA85 /* File.swift in Sources */ = {isa = PBXBuildFile; fileRef = 8D6B4B322B75294E00A8CA85 /* File.swift */; };
		8D8A28292B750407009FD7A2 /* AppDelegate.swift in Sources */ = {isa = PBXBuildFile; fileRef = 8D8A28282B750407009FD7A2 /* AppDelegate.swift */; };
		8D8A282B2B750407009FD7A2 /* SceneDelegate.swift in Sources */ = {isa = PBXBuildFile; fileRef = 8D8A282A2B750407009FD7A2 /* SceneDelegate.swift */; };
		8D8A28302B750407009FD7A2 /* Main.storyboard in Resources */ = {isa = PBXBuildFile; fileRef = 8D8A282E2B750407009FD7A2 /* Main.storyboard */; };
		8D8A28322B750409009FD7A2 /* Assets.xcassets in Resources */ = {isa = PBXBuildFile; fileRef = 8D8A28312B750409009FD7A2 /* Assets.xcassets */; };
		8D8A28352B750409009FD7A2 /* LaunchScreen.storyboard in Resources */ = {isa = PBXBuildFile; fileRef = 8D8A28332B750409009FD7A2 /* LaunchScreen.storyboard */; };
		F3BD99FF4585D8A713EA55A9 /* Pods_MovieApp.framework in Frameworks */ = {isa = PBXBuildFile; fileRef = EF79FB6E61D2A6A91EC592AD /* Pods_MovieApp.framework */; };
/* End PBXBuildFile section */

/* Begin PBXFileReference section */
		328CEADAB895A01B43E490B3 /* Pods-MovieApp.debug.xcconfig */ = {isa = PBXFileReference; includeInIndex = 1; lastKnownFileType = text.xcconfig; name = "Pods-MovieApp.debug.xcconfig"; path = "Target Support Files/Pods-MovieApp/Pods-MovieApp.debug.xcconfig"; sourceTree = "<group>"; };
		8D07825D2B750BEC00AC2B4F /* UIColor+Extension.swift */ = {isa = PBXFileReference; lastKnownFileType = sourcecode.swift; path = "UIColor+Extension.swift"; sourceTree = "<group>"; };
		8D07825F2B750D3200AC2B4F /* Color.xcassets */ = {isa = PBXFileReference; lastKnownFileType = folder.assetcatalog; path = Color.xcassets; sourceTree = "<group>"; };
		8D0782632B751B3E00AC2B4F /* InitialViewController.swift */ = {isa = PBXFileReference; lastKnownFileType = sourcecode.swift; path = InitialViewController.swift; sourceTree = "<group>"; };
		8D0782682B751C0D00AC2B4F /* LandingViewController.swift */ = {isa = PBXFileReference; lastKnownFileType = sourcecode.swift; path = LandingViewController.swift; sourceTree = "<group>"; };
		8D07826B2B751D5200AC2B4F /* UIView+Extenison.swift */ = {isa = PBXFileReference; lastKnownFileType = sourcecode.swift; path = "UIView+Extenison.swift"; sourceTree = "<group>"; };
		8D6B4AFE2B7520AF00A8CA85 /* Nunito-Bold.ttf */ = {isa = PBXFileReference; lastKnownFileType = file; path = "Nunito-Bold.ttf"; sourceTree = "<group>"; };
		8D6B4B002B7520AF00A8CA85 /* Nunito-ExtraLight.ttf */ = {isa = PBXFileReference; lastKnownFileType = file; path = "Nunito-ExtraLight.ttf"; sourceTree = "<group>"; };
		8D6B4B042B7520AF00A8CA85 /* Nunito-Regular.ttf */ = {isa = PBXFileReference; lastKnownFileType = file; path = "Nunito-Regular.ttf"; sourceTree = "<group>"; };
		8D6B4B072B7520AF00A8CA85 /* Nunito-Light.ttf */ = {isa = PBXFileReference; lastKnownFileType = file; path = "Nunito-Light.ttf"; sourceTree = "<group>"; };
		8D6B4B0A2B7520B000A8CA85 /* Nunito-Medium.ttf */ = {isa = PBXFileReference; lastKnownFileType = file; path = "Nunito-Medium.ttf"; sourceTree = "<group>"; };
		8D6B4B0C2B7520B000A8CA85 /* Nunito-SemiBold.ttf */ = {isa = PBXFileReference; lastKnownFileType = file; path = "Nunito-SemiBold.ttf"; sourceTree = "<group>"; };
		8D6B4B1E2B75227800A8CA85 /* HeaderLabel.swift */ = {isa = PBXFileReference; lastKnownFileType = sourcecode.swift; path = HeaderLabel.swift; sourceTree = "<group>"; };
		8D6B4B202B7522B600A8CA85 /* RegularLabel.swift */ = {isa = PBXFileReference; lastKnownFileType = sourcecode.swift; path = RegularLabel.swift; sourceTree = "<group>"; };
		8D6B4B222B7522D800A8CA85 /* MediumLabel.swift */ = {isa = PBXFileReference; lastKnownFileType = sourcecode.swift; path = MediumLabel.swift; sourceTree = "<group>"; };
		8D6B4B252B7524A900A8CA85 /* LandingCell.swift */ = {isa = PBXFileReference; lastKnownFileType = sourcecode.swift; path = LandingCell.swift; sourceTree = "<group>"; };
		8D6B4B262B7524A900A8CA85 /* LandingCell.xib */ = {isa = PBXFileReference; lastKnownFileType = file.xib; path = LandingCell.xib; sourceTree = "<group>"; };
		8D6B4B2C2B7525FA00A8CA85 /* ClassNameProtocol.swift */ = {isa = PBXFileReference; lastKnownFileType = sourcecode.swift; path = ClassNameProtocol.swift; sourceTree = "<group>"; };
		8D6B4B2F2B75292600A8CA85 /* LandingViewModel.swift */ = {isa = PBXFileReference; lastKnownFileType = sourcecode.swift; path = LandingViewModel.swift; sourceTree = "<group>"; };
		8D6B4B322B75294E00A8CA85 /* File.swift */ = {isa = PBXFileReference; lastKnownFileType = sourcecode.swift; path = File.swift; sourceTree = "<group>"; };
		8D8A28252B750407009FD7A2 /* MovieApp.app */ = {isa = PBXFileReference; explicitFileType = wrapper.application; includeInIndex = 0; path = MovieApp.app; sourceTree = BUILT_PRODUCTS_DIR; };
		8D8A28282B750407009FD7A2 /* AppDelegate.swift */ = {isa = PBXFileReference; lastKnownFileType = sourcecode.swift; path = AppDelegate.swift; sourceTree = "<group>"; };
		8D8A282A2B750407009FD7A2 /* SceneDelegate.swift */ = {isa = PBXFileReference; lastKnownFileType = sourcecode.swift; path = SceneDelegate.swift; sourceTree = "<group>"; };
		8D8A282F2B750407009FD7A2 /* Base */ = {isa = PBXFileReference; lastKnownFileType = file.storyboard; name = Base; path = Base.lproj/Main.storyboard; sourceTree = "<group>"; };
		8D8A28312B750409009FD7A2 /* Assets.xcassets */ = {isa = PBXFileReference; lastKnownFileType = folder.assetcatalog; path = Assets.xcassets; sourceTree = "<group>"; };
		8D8A28342B750409009FD7A2 /* Base */ = {isa = PBXFileReference; lastKnownFileType = file.storyboard; name = Base; path = Base.lproj/LaunchScreen.storyboard; sourceTree = "<group>"; };
		8D8A28362B750409009FD7A2 /* Info.plist */ = {isa = PBXFileReference; lastKnownFileType = text.plist.xml; path = Info.plist; sourceTree = "<group>"; };
		DE7743D86469AE521C6EBA83 /* Pods-MovieApp.release.xcconfig */ = {isa = PBXFileReference; includeInIndex = 1; lastKnownFileType = text.xcconfig; name = "Pods-MovieApp.release.xcconfig"; path = "Target Support Files/Pods-MovieApp/Pods-MovieApp.release.xcconfig"; sourceTree = "<group>"; };
		EF79FB6E61D2A6A91EC592AD /* Pods_MovieApp.framework */ = {isa = PBXFileReference; explicitFileType = wrapper.framework; includeInIndex = 0; path = Pods_MovieApp.framework; sourceTree = BUILT_PRODUCTS_DIR; };
/* End PBXFileReference section */

/* Begin PBXFrameworksBuildPhase section */
		8D8A28222B750407009FD7A2 /* Frameworks */ = {
			isa = PBXFrameworksBuildPhase;
			buildActionMask = 2147483647;
			files = (
				F3BD99FF4585D8A713EA55A9 /* Pods_MovieApp.framework in Frameworks */,
			);
			runOnlyForDeploymentPostprocessing = 0;
		};
/* End PBXFrameworksBuildPhase section */

/* Begin PBXGroup section */
		4F46FA713162084321356ACA /* Pods */ = {
			isa = PBXGroup;
			children = (
				328CEADAB895A01B43E490B3 /* Pods-MovieApp.debug.xcconfig */,
				DE7743D86469AE521C6EBA83 /* Pods-MovieApp.release.xcconfig */,
			);
			path = Pods;
			sourceTree = "<group>";
		};
		8D07825C2B750BD800AC2B4F /* UIColor+Extension */ = {
			isa = PBXGroup;
			children = (
				8D07825D2B750BEC00AC2B4F /* UIColor+Extension.swift */,
			);
			path = "UIColor+Extension";
			sourceTree = "<group>";
		};
		8D0782612B751ABB00AC2B4F /* LandingViewController */ = {
			isa = PBXGroup;
			children = (
				8D6B4B2E2B75291800A8CA85 /* VM */,
				8D6B4B242B75248600A8CA85 /* cell */,
				8D0782682B751C0D00AC2B4F /* LandingViewController.swift */,
			);
			path = LandingViewController;
			sourceTree = "<group>";
		};
		8D0782622B751B2700AC2B4F /* InitialViewController */ = {
			isa = PBXGroup;
			children = (
				8D0782632B751B3E00AC2B4F /* InitialViewController.swift */,
			);
			path = InitialViewController;
			sourceTree = "<group>";
		};
		8D07826A2B751D4000AC2B4F /* UIView+Extenison */ = {
			isa = PBXGroup;
			children = (
				8D07826B2B751D5200AC2B4F /* UIView+Extenison.swift */,
			);
			path = "UIView+Extenison";
			sourceTree = "<group>";
		};
		8D6B4AFC2B75209B00A8CA85 /* Fonts */ = {
			isa = PBXGroup;
			children = (
				8D6B4AFE2B7520AF00A8CA85 /* Nunito-Bold.ttf */,
				8D6B4B002B7520AF00A8CA85 /* Nunito-ExtraLight.ttf */,
				8D6B4B072B7520AF00A8CA85 /* Nunito-Light.ttf */,
				8D6B4B0A2B7520B000A8CA85 /* Nunito-Medium.ttf */,
				8D6B4B042B7520AF00A8CA85 /* Nunito-Regular.ttf */,
				8D6B4B0C2B7520B000A8CA85 /* Nunito-SemiBold.ttf */,
			);
			path = Fonts;
			sourceTree = "<group>";
		};
		8D6B4B1D2B75226800A8CA85 /* CustomLabels */ = {
			isa = PBXGroup;
			children = (
				8D6B4B1E2B75227800A8CA85 /* HeaderLabel.swift */,
				8D6B4B202B7522B600A8CA85 /* RegularLabel.swift */,
				8D6B4B222B7522D800A8CA85 /* MediumLabel.swift */,
			);
			path = CustomLabels;
			sourceTree = "<group>";
		};
		8D6B4B242B75248600A8CA85 /* cell */ = {
			isa = PBXGroup;
			children = (
				8D6B4B252B7524A900A8CA85 /* LandingCell.swift */,
			);
			path = cell;
			sourceTree = "<group>";
		};
		8D6B4B292B7524AE00A8CA85 /* LandingViewController */ = {
			isa = PBXGroup;
			children = (
				8D6B4B2A2B7524B800A8CA85 /* cell */,
			);
			path = LandingViewController;
			sourceTree = "<group>";
		};
		8D6B4B2A2B7524B800A8CA85 /* cell */ = {
			isa = PBXGroup;
			children = (
				8D6B4B262B7524A900A8CA85 /* LandingCell.xib */,
			);
			path = cell;
			sourceTree = "<group>";
		};
		8D6B4B2B2B7525E900A8CA85 /* Protocols */ = {
			isa = PBXGroup;
			children = (
				8D6B4B2C2B7525FA00A8CA85 /* ClassNameProtocol.swift */,
			);
			path = Protocols;
			sourceTree = "<group>";
		};
		8D6B4B2E2B75291800A8CA85 /* VM */ = {
			isa = PBXGroup;
			children = (
				8D6B4B2F2B75292600A8CA85 /* LandingViewModel.swift */,
			);
			path = VM;
			sourceTree = "<group>";
		};
		8D6B4B312B75294400A8CA85 /* LandingModel */ = {
			isa = PBXGroup;
			children = (
				8D6B4B322B75294E00A8CA85 /* File.swift */,
			);
			path = LandingModel;
			sourceTree = "<group>";
		};
		8D8A281C2B750407009FD7A2 = {
			isa = PBXGroup;
			children = (
				8D8A28272B750407009FD7A2 /* MovieApp */,
				8D8A28262B750407009FD7A2 /* Products */,
				4F46FA713162084321356ACA /* Pods */,
				F66A7F55A89298BB74FCADC7 /* Frameworks */,
			);
			sourceTree = "<group>";
		};
		8D8A28262B750407009FD7A2 /* Products */ = {
			isa = PBXGroup;
			children = (
				8D8A28252B750407009FD7A2 /* MovieApp.app */,
			);
			name = Products;
			sourceTree = "<group>";
		};
		8D8A28272B750407009FD7A2 /* MovieApp */ = {
			isa = PBXGroup;
			children = (
				8D9E07AF2B75060D00E0ADCD /* VC */,
				8D9E07B02B75061100E0ADCD /* Model */,
				8D9E07AE2B75060600E0ADCD /* Views */,
				8D9E07AC2B7505D900E0ADCD /* Helper+Extensions */,
				8D9E07B12B75061700E0ADCD /* Base */,
				8D8A28282B750407009FD7A2 /* AppDelegate.swift */,
				8D8A282A2B750407009FD7A2 /* SceneDelegate.swift */,
				8D8A282E2B750407009FD7A2 /* Main.storyboard */,
				8D8A28312B750409009FD7A2 /* Assets.xcassets */,
				8D07825F2B750D3200AC2B4F /* Color.xcassets */,
				8D8A28332B750409009FD7A2 /* LaunchScreen.storyboard */,
				8D8A28362B750409009FD7A2 /* Info.plist */,
			);
			path = MovieApp;
			sourceTree = "<group>";
		};
		8D9E07AC2B7505D900E0ADCD /* Helper+Extensions */ = {
			isa = PBXGroup;
			children = (
				8D6B4B2B2B7525E900A8CA85 /* Protocols */,
				8D6B4B1D2B75226800A8CA85 /* CustomLabels */,
				8D6B4AFC2B75209B00A8CA85 /* Fonts */,
				8D07826A2B751D4000AC2B4F /* UIView+Extenison */,
				8D07825C2B750BD800AC2B4F /* UIColor+Extension */,
			);
			path = "Helper+Extensions";
			sourceTree = "<group>";
		};
		8D9E07AE2B75060600E0ADCD /* Views */ = {
			isa = PBXGroup;
			children = (
				8D6B4B292B7524AE00A8CA85 /* LandingViewController */,
			);
			path = Views;
			sourceTree = "<group>";
		};
		8D9E07AF2B75060D00E0ADCD /* VC */ = {
			isa = PBXGroup;
			children = (
				8D0782622B751B2700AC2B4F /* InitialViewController */,
				8D0782612B751ABB00AC2B4F /* LandingViewController */,
			);
			path = VC;
			sourceTree = "<group>";
		};
		8D9E07B02B75061100E0ADCD /* Model */ = {
			isa = PBXGroup;
			children = (
				8D6B4B312B75294400A8CA85 /* LandingModel */,
			);
			path = Model;
			sourceTree = "<group>";
		};
		8D9E07B12B75061700E0ADCD /* Base */ = {
			isa = PBXGroup;
			children = (
			);
			path = Base;
			sourceTree = "<group>";
		};
		F66A7F55A89298BB74FCADC7 /* Frameworks */ = {
			isa = PBXGroup;
			children = (
				EF79FB6E61D2A6A91EC592AD /* Pods_MovieApp.framework */,
			);
			name = Frameworks;
			sourceTree = "<group>";
		};
/* End PBXGroup section */

/* Begin PBXNativeTarget section */
		8D8A28242B750407009FD7A2 /* MovieApp */ = {
			isa = PBXNativeTarget;
			buildConfigurationList = 8D8A28392B750409009FD7A2 /* Build configuration list for PBXNativeTarget "MovieApp" */;
			buildPhases = (
				9216AEF1C8B9475791E5024C /* [CP] Check Pods Manifest.lock */,
				8D8A28212B750407009FD7A2 /* Sources */,
				8D8A28222B750407009FD7A2 /* Frameworks */,
				8D8A28232B750407009FD7A2 /* Resources */,
				862696E722C8E5683856E532 /* [CP] Embed Pods Frameworks */,
			);
			buildRules = (
			);
			dependencies = (
			);
			name = MovieApp;
			productName = MovieApp;
			productReference = 8D8A28252B750407009FD7A2 /* MovieApp.app */;
			productType = "com.apple.product-type.application";
		};
/* End PBXNativeTarget section */

/* Begin PBXProject section */
		8D8A281D2B750407009FD7A2 /* Project object */ = {
			isa = PBXProject;
			attributes = {
				BuildIndependentTargetsInParallel = 1;
				LastSwiftUpdateCheck = 1520;
				LastUpgradeCheck = 1520;
				TargetAttributes = {
					8D8A28242B750407009FD7A2 = {
						CreatedOnToolsVersion = 15.2;
					};
				};
			};
			buildConfigurationList = 8D8A28202B750407009FD7A2 /* Build configuration list for PBXProject "MovieApp" */;
			compatibilityVersion = "Xcode 14.0";
			developmentRegion = en;
			hasScannedForEncodings = 0;
			knownRegions = (
				en,
				Base,
			);
			mainGroup = 8D8A281C2B750407009FD7A2;
			productRefGroup = 8D8A28262B750407009FD7A2 /* Products */;
			projectDirPath = "";
			projectRoot = "";
			targets = (
				8D8A28242B750407009FD7A2 /* MovieApp */,
			);
		};
/* End PBXProject section */

/* Begin PBXResourcesBuildPhase section */
		8D8A28232B750407009FD7A2 /* Resources */ = {
			isa = PBXResourcesBuildPhase;
			buildActionMask = 2147483647;
			files = (
				8D8A28352B750409009FD7A2 /* LaunchScreen.storyboard in Resources */,
				8D0782602B750D3300AC2B4F /* Color.xcassets in Resources */,
				8D6B4B1C2B7520B000A8CA85 /* Nunito-SemiBold.ttf in Resources */,
				8D8A28322B750409009FD7A2 /* Assets.xcassets in Resources */,
				8D6B4B1A2B7520B000A8CA85 /* Nunito-Medium.ttf in Resources */,
				8D6B4B282B7524A900A8CA85 /* LandingCell.xib in Resources */,
				8D6B4B0E2B7520B000A8CA85 /* Nunito-Bold.ttf in Resources */,
				8D6B4B142B7520B000A8CA85 /* Nunito-Regular.ttf in Resources */,
				8D8A28302B750407009FD7A2 /* Main.storyboard in Resources */,
				8D6B4B172B7520B000A8CA85 /* Nunito-Light.ttf in Resources */,
				8D6B4B102B7520B000A8CA85 /* Nunito-ExtraLight.ttf in Resources */,
			);
			runOnlyForDeploymentPostprocessing = 0;
		};
/* End PBXResourcesBuildPhase section */

/* Begin PBXShellScriptBuildPhase section */
		862696E722C8E5683856E532 /* [CP] Embed Pods Frameworks */ = {
			isa = PBXShellScriptBuildPhase;
			buildActionMask = 2147483647;
			files = (
			);
			inputFileListPaths = (
				"${PODS_ROOT}/Target Support Files/Pods-MovieApp/Pods-MovieApp-frameworks-${CONFIGURATION}-input-files.xcfilelist",
			);
			name = "[CP] Embed Pods Frameworks";
			outputFileListPaths = (
				"${PODS_ROOT}/Target Support Files/Pods-MovieApp/Pods-MovieApp-frameworks-${CONFIGURATION}-output-files.xcfilelist",
			);
			runOnlyForDeploymentPostprocessing = 0;
			shellPath = /bin/sh;
			shellScript = "\"${PODS_ROOT}/Target Support Files/Pods-MovieApp/Pods-MovieApp-frameworks.sh\"\n";
			showEnvVarsInLog = 0;
		};
		9216AEF1C8B9475791E5024C /* [CP] Check Pods Manifest.lock */ = {
			isa = PBXShellScriptBuildPhase;
			buildActionMask = 2147483647;
			files = (
			);
			inputFileListPaths = (
			);
			inputPaths = (
				"${PODS_PODFILE_DIR_PATH}/Podfile.lock",
				"${PODS_ROOT}/Manifest.lock",
			);
			name = "[CP] Check Pods Manifest.lock";
			outputFileListPaths = (
			);
			outputPaths = (
				"$(DERIVED_FILE_DIR)/Pods-MovieApp-checkManifestLockResult.txt",
			);
			runOnlyForDeploymentPostprocessing = 0;
			shellPath = /bin/sh;
			shellScript = "diff \"${PODS_PODFILE_DIR_PATH}/Podfile.lock\" \"${PODS_ROOT}/Manifest.lock\" > /dev/null\nif [ $? != 0 ] ; then\n    # print error to STDERR\n    echo \"error: The sandbox is not in sync with the Podfile.lock. Run 'pod install' or update your CocoaPods installation.\" >&2\n    exit 1\nfi\n# This output is used by Xcode 'outputs' to avoid re-running this script phase.\necho \"SUCCESS\" > \"${SCRIPT_OUTPUT_FILE_0}\"\n";
			showEnvVarsInLog = 0;
		};
/* End PBXShellScriptBuildPhase section */

/* Begin PBXSourcesBuildPhase section */
		8D8A28212B750407009FD7A2 /* Sources */ = {
			isa = PBXSourcesBuildPhase;
			buildActionMask = 2147483647;
			files = (
				8D6B4B1F2B75227800A8CA85 /* HeaderLabel.swift in Sources */,
				8D07826C2B751D5200AC2B4F /* UIView+Extenison.swift in Sources */,
				8D0782642B751B3E00AC2B4F /* InitialViewController.swift in Sources */,
				8D6B4B272B7524A900A8CA85 /* LandingCell.swift in Sources */,
				8D6B4B232B7522D800A8CA85 /* MediumLabel.swift in Sources */,
				8D8A28292B750407009FD7A2 /* AppDelegate.swift in Sources */,
				8D8A282B2B750407009FD7A2 /* SceneDelegate.swift in Sources */,
				8D0782692B751C0D00AC2B4F /* LandingViewController.swift in Sources */,
				8D6B4B2D2B7525FA00A8CA85 /* ClassNameProtocol.swift in Sources */,
				8D07825E2B750BEC00AC2B4F /* UIColor+Extension.swift in Sources */,
				8D6B4B332B75294E00A8CA85 /* File.swift in Sources */,
				8D6B4B302B75292600A8CA85 /* LandingViewModel.swift in Sources */,
				8D6B4B212B7522B600A8CA85 /* RegularLabel.swift in Sources */,
			);
			runOnlyForDeploymentPostprocessing = 0;
		};
/* End PBXSourcesBuildPhase section */

/* Begin PBXVariantGroup section */
		8D8A282E2B750407009FD7A2 /* Main.storyboard */ = {
			isa = PBXVariantGroup;
			children = (
				8D8A282F2B750407009FD7A2 /* Base */,
			);
			name = Main.storyboard;
			sourceTree = "<group>";
		};
		8D8A28332B750409009FD7A2 /* LaunchScreen.storyboard */ = {
			isa = PBXVariantGroup;
			children = (
				8D8A28342B750409009FD7A2 /* Base */,
			);
			name = LaunchScreen.storyboard;
			sourceTree = "<group>";
		};
/* End PBXVariantGroup section */

/* Begin XCBuildConfiguration section */
		8D8A28372B750409009FD7A2 /* Debug */ = {
			isa = XCBuildConfiguration;
			buildSettings = {
				ALWAYS_SEARCH_USER_PATHS = NO;
				ASSETCATALOG_COMPILER_GENERATE_SWIFT_ASSET_SYMBOL_EXTENSIONS = YES;
				CLANG_ANALYZER_NONNULL = YES;
				CLANG_ANALYZER_NUMBER_OBJECT_CONVERSION = YES_AGGRESSIVE;
				CLANG_CXX_LANGUAGE_STANDARD = "gnu++20";
				CLANG_ENABLE_MODULES = YES;
				CLANG_ENABLE_OBJC_ARC = YES;
				CLANG_ENABLE_OBJC_WEAK = YES;
				CLANG_WARN_BLOCK_CAPTURE_AUTORELEASING = YES;
				CLANG_WARN_BOOL_CONVERSION = YES;
				CLANG_WARN_COMMA = YES;
				CLANG_WARN_CONSTANT_CONVERSION = YES;
				CLANG_WARN_DEPRECATED_OBJC_IMPLEMENTATIONS = YES;
				CLANG_WARN_DIRECT_OBJC_ISA_USAGE = YES_ERROR;
				CLANG_WARN_DOCUMENTATION_COMMENTS = YES;
				CLANG_WARN_EMPTY_BODY = YES;
				CLANG_WARN_ENUM_CONVERSION = YES;
				CLANG_WARN_INFINITE_RECURSION = YES;
				CLANG_WARN_INT_CONVERSION = YES;
				CLANG_WARN_NON_LITERAL_NULL_CONVERSION = YES;
				CLANG_WARN_OBJC_IMPLICIT_RETAIN_SELF = YES;
				CLANG_WARN_OBJC_LITERAL_CONVERSION = YES;
				CLANG_WARN_OBJC_ROOT_CLASS = YES_ERROR;
				CLANG_WARN_QUOTED_INCLUDE_IN_FRAMEWORK_HEADER = YES;
				CLANG_WARN_RANGE_LOOP_ANALYSIS = YES;
				CLANG_WARN_STRICT_PROTOTYPES = YES;
				CLANG_WARN_SUSPICIOUS_MOVE = YES;
				CLANG_WARN_UNGUARDED_AVAILABILITY = YES_AGGRESSIVE;
				CLANG_WARN_UNREACHABLE_CODE = YES;
				CLANG_WARN__DUPLICATE_METHOD_MATCH = YES;
				COPY_PHASE_STRIP = NO;
				DEBUG_INFORMATION_FORMAT = dwarf;
				ENABLE_STRICT_OBJC_MSGSEND = YES;
				ENABLE_TESTABILITY = YES;
				ENABLE_USER_SCRIPT_SANDBOXING = NO;
				GCC_C_LANGUAGE_STANDARD = gnu17;
				GCC_DYNAMIC_NO_PIC = NO;
				GCC_NO_COMMON_BLOCKS = YES;
				GCC_OPTIMIZATION_LEVEL = 0;
				GCC_PREPROCESSOR_DEFINITIONS = (
					"DEBUG=1",
					"$(inherited)",
				);
				GCC_WARN_64_TO_32_BIT_CONVERSION = YES;
				GCC_WARN_ABOUT_RETURN_TYPE = YES_ERROR;
				GCC_WARN_UNDECLARED_SELECTOR = YES;
				GCC_WARN_UNINITIALIZED_AUTOS = YES_AGGRESSIVE;
				GCC_WARN_UNUSED_FUNCTION = YES;
				GCC_WARN_UNUSED_VARIABLE = YES;
				IPHONEOS_DEPLOYMENT_TARGET = 17.2;
				LOCALIZATION_PREFERS_STRING_CATALOGS = YES;
				MTL_ENABLE_DEBUG_INFO = INCLUDE_SOURCE;
				MTL_FAST_MATH = YES;
				ONLY_ACTIVE_ARCH = YES;
				SDKROOT = iphoneos;
				SWIFT_ACTIVE_COMPILATION_CONDITIONS = "DEBUG $(inherited)";
				SWIFT_OPTIMIZATION_LEVEL = "-Onone";
			};
			name = Debug;
		};
		8D8A28382B750409009FD7A2 /* Release */ = {
			isa = XCBuildConfiguration;
			buildSettings = {
				ALWAYS_SEARCH_USER_PATHS = NO;
				ASSETCATALOG_COMPILER_GENERATE_SWIFT_ASSET_SYMBOL_EXTENSIONS = YES;
				CLANG_ANALYZER_NONNULL = YES;
				CLANG_ANALYZER_NUMBER_OBJECT_CONVERSION = YES_AGGRESSIVE;
				CLANG_CXX_LANGUAGE_STANDARD = "gnu++20";
				CLANG_ENABLE_MODULES = YES;
				CLANG_ENABLE_OBJC_ARC = YES;
				CLANG_ENABLE_OBJC_WEAK = YES;
				CLANG_WARN_BLOCK_CAPTURE_AUTORELEASING = YES;
				CLANG_WARN_BOOL_CONVERSION = YES;
				CLANG_WARN_COMMA = YES;
				CLANG_WARN_CONSTANT_CONVERSION = YES;
				CLANG_WARN_DEPRECATED_OBJC_IMPLEMENTATIONS = YES;
				CLANG_WARN_DIRECT_OBJC_ISA_USAGE = YES_ERROR;
				CLANG_WARN_DOCUMENTATION_COMMENTS = YES;
				CLANG_WARN_EMPTY_BODY = YES;
				CLANG_WARN_ENUM_CONVERSION = YES;
				CLANG_WARN_INFINITE_RECURSION = YES;
				CLANG_WARN_INT_CONVERSION = YES;
				CLANG_WARN_NON_LITERAL_NULL_CONVERSION = YES;
				CLANG_WARN_OBJC_IMPLICIT_RETAIN_SELF = YES;
				CLANG_WARN_OBJC_LITERAL_CONVERSION = YES;
				CLANG_WARN_OBJC_ROOT_CLASS = YES_ERROR;
				CLANG_WARN_QUOTED_INCLUDE_IN_FRAMEWORK_HEADER = YES;
				CLANG_WARN_RANGE_LOOP_ANALYSIS = YES;
				CLANG_WARN_STRICT_PROTOTYPES = YES;
				CLANG_WARN_SUSPICIOUS_MOVE = YES;
				CLANG_WARN_UNGUARDED_AVAILABILITY = YES_AGGRESSIVE;
				CLANG_WARN_UNREACHABLE_CODE = YES;
				CLANG_WARN__DUPLICATE_METHOD_MATCH = YES;
				COPY_PHASE_STRIP = NO;
				DEBUG_INFORMATION_FORMAT = "dwarf-with-dsym";
				ENABLE_NS_ASSERTIONS = NO;
				ENABLE_STRICT_OBJC_MSGSEND = YES;
				ENABLE_USER_SCRIPT_SANDBOXING = NO;
				GCC_C_LANGUAGE_STANDARD = gnu17;
				GCC_NO_COMMON_BLOCKS = YES;
				GCC_WARN_64_TO_32_BIT_CONVERSION = YES;
				GCC_WARN_ABOUT_RETURN_TYPE = YES_ERROR;
				GCC_WARN_UNDECLARED_SELECTOR = YES;
				GCC_WARN_UNINITIALIZED_AUTOS = YES_AGGRESSIVE;
				GCC_WARN_UNUSED_FUNCTION = YES;
				GCC_WARN_UNUSED_VARIABLE = YES;
				IPHONEOS_DEPLOYMENT_TARGET = 17.2;
				LOCALIZATION_PREFERS_STRING_CATALOGS = YES;
				MTL_ENABLE_DEBUG_INFO = NO;
				MTL_FAST_MATH = YES;
				SDKROOT = iphoneos;
				SWIFT_COMPILATION_MODE = wholemodule;
				VALIDATE_PRODUCT = YES;
			};
			name = Release;
		};
		8D8A283A2B750409009FD7A2 /* Debug */ = {
			isa = XCBuildConfiguration;
			baseConfigurationReference = 328CEADAB895A01B43E490B3 /* Pods-MovieApp.debug.xcconfig */;
			buildSettings = {
				ASSETCATALOG_COMPILER_APPICON_NAME = AppIcon;
				ASSETCATALOG_COMPILER_GLOBAL_ACCENT_COLOR_NAME = AccentColor;
				CODE_SIGN_STYLE = Automatic;
				CURRENT_PROJECT_VERSION = 1;
				DEVELOPMENT_TEAM = F68Q68LA39;
				GENERATE_INFOPLIST_FILE = YES;
				INFOPLIST_FILE = MovieApp/Info.plist;
				INFOPLIST_KEY_UIApplicationSupportsIndirectInputEvents = YES;
				INFOPLIST_KEY_UILaunchStoryboardName = LaunchScreen;
				INFOPLIST_KEY_UIMainStoryboardFile = Main;
				INFOPLIST_KEY_UISupportedInterfaceOrientations_iPad = "UIInterfaceOrientationPortrait UIInterfaceOrientationPortraitUpsideDown UIInterfaceOrientationLandscapeLeft UIInterfaceOrientationLandscapeRight";
				INFOPLIST_KEY_UISupportedInterfaceOrientations_iPhone = "UIInterfaceOrientationPortrait UIInterfaceOrientationLandscapeLeft UIInterfaceOrientationLandscapeRight";
				LD_RUNPATH_SEARCH_PATHS = (
					"$(inherited)",
					"@executable_path/Frameworks",
				);
				MARKETING_VERSION = 1.0;
				PRODUCT_BUNDLE_IDENTIFIER = com.movie.app.MovieApp.new;
				PRODUCT_NAME = "$(TARGET_NAME)";
				SUPPORTED_PLATFORMS = "iphoneos iphonesimulator";
				SUPPORTS_MACCATALYST = NO;
				SUPPORTS_MAC_DESIGNED_FOR_IPHONE_IPAD = NO;
				SUPPORTS_XR_DESIGNED_FOR_IPHONE_IPAD = NO;
				SWIFT_EMIT_LOC_STRINGS = YES;
				SWIFT_VERSION = 5.0;
				TARGETED_DEVICE_FAMILY = "1,2";
			};
			name = Debug;
		};
		8D8A283B2B750409009FD7A2 /* Release */ = {
			isa = XCBuildConfiguration;
			baseConfigurationReference = DE7743D86469AE521C6EBA83 /* Pods-MovieApp.release.xcconfig */;
			buildSettings = {
				ASSETCATALOG_COMPILER_APPICON_NAME = AppIcon;
				ASSETCATALOG_COMPILER_GLOBAL_ACCENT_COLOR_NAME = AccentColor;
				CODE_SIGN_STYLE = Automatic;
				CURRENT_PROJECT_VERSION = 1;
				DEVELOPMENT_TEAM = F68Q68LA39;
				GENERATE_INFOPLIST_FILE = YES;
				INFOPLIST_FILE = MovieApp/Info.plist;
				INFOPLIST_KEY_UIApplicationSupportsIndirectInputEvents = YES;
				INFOPLIST_KEY_UILaunchStoryboardName = LaunchScreen;
				INFOPLIST_KEY_UIMainStoryboardFile = Main;
				INFOPLIST_KEY_UISupportedInterfaceOrientations_iPad = "UIInterfaceOrientationPortrait UIInterfaceOrientationPortraitUpsideDown UIInterfaceOrientationLandscapeLeft UIInterfaceOrientationLandscapeRight";
				INFOPLIST_KEY_UISupportedInterfaceOrientations_iPhone = "UIInterfaceOrientationPortrait UIInterfaceOrientationLandscapeLeft UIInterfaceOrientationLandscapeRight";
				LD_RUNPATH_SEARCH_PATHS = (
					"$(inherited)",
					"@executable_path/Frameworks",
				);
				MARKETING_VERSION = 1.0;
				PRODUCT_BUNDLE_IDENTIFIER = com.movie.app.MovieApp.new;
				PRODUCT_NAME = "$(TARGET_NAME)";
				SUPPORTED_PLATFORMS = "iphoneos iphonesimulator";
				SUPPORTS_MACCATALYST = NO;
				SUPPORTS_MAC_DESIGNED_FOR_IPHONE_IPAD = NO;
				SUPPORTS_XR_DESIGNED_FOR_IPHONE_IPAD = NO;
				SWIFT_EMIT_LOC_STRINGS = YES;
				SWIFT_VERSION = 5.0;
				TARGETED_DEVICE_FAMILY = "1,2";
			};
			name = Release;
		};
/* End XCBuildConfiguration section */

/* Begin XCConfigurationList section */
		8D8A28202B750407009FD7A2 /* Build configuration list for PBXProject "MovieApp" */ = {
			isa = XCConfigurationList;
			buildConfigurations = (
				8D8A28372B750409009FD7A2 /* Debug */,
				8D8A28382B750409009FD7A2 /* Release */,
			);
			defaultConfigurationIsVisible = 0;
			defaultConfigurationName = Release;
		};
		8D8A28392B750409009FD7A2 /* Build configuration list for PBXNativeTarget "MovieApp" */ = {
			isa = XCConfigurationList;
			buildConfigurations = (
				8D8A283A2B750409009FD7A2 /* Debug */,
				8D8A283B2B750409009FD7A2 /* Release */,
			);
			defaultConfigurationIsVisible = 0;
			defaultConfigurationName = Release;
		};
/* End XCConfigurationList section */
	};
	rootObject = 8D8A281D2B750407009FD7A2 /* Project object */;
}
