// !$*UTF8*$!
{
	archiveVersion = 1;
	classes = {
	};
	objectVersion = 56;
	objects = {

/* Begin PBXBuildFile section */
		8D06AA3F2B75428F006A0456 /* BaseViewModel.swift in Sources */ = {isa = PBXBuildFile; fileRef = 8D06AA3E2B75428F006A0456 /* BaseViewModel.swift */; };
		8D06AA422B755862006A0456 /* Userdefaults+Extension.swift in Sources */ = {isa = PBXBuildFile; fileRef = 8D06AA412B755862006A0456 /* Userdefaults+Extension.swift */; };
		8D06AA452B755B71006A0456 /* DiscoverViewController.swift in Sources */ = {isa = PBXBuildFile; fileRef = 8D06AA442B755B71006A0456 /* DiscoverViewController.swift */; };
		8D06AA482B755B88006A0456 /* SearchViewController.swift in Sources */ = {isa = PBXBuildFile; fileRef = 8D06AA472B755B88006A0456 /* SearchViewController.swift */; };
		8D06AA4B2B755BA0006A0456 /* ListViewController.swift in Sources */ = {isa = PBXBuildFile; fileRef = 8D06AA4A2B755BA0006A0456 /* ListViewController.swift */; };
		8D06AA4E2B755F3C006A0456 /* MainTabbarController.swift in Sources */ = {isa = PBXBuildFile; fileRef = 8D06AA4D2B755F3C006A0456 /* MainTabbarController.swift */; };
		8D06AA542B756139006A0456 /* UIStoryboard+Extension.swift in Sources */ = {isa = PBXBuildFile; fileRef = 8D06AA532B756139006A0456 /* UIStoryboard+Extension.swift */; };
		8D06AA582B758C97006A0456 /* BaseMoyaProvider.swift in Sources */ = {isa = PBXBuildFile; fileRef = 8D06AA572B758C97006A0456 /* BaseMoyaProvider.swift */; };
		8D06AA5A2B758D58006A0456 /* MoviesRequests.swift in Sources */ = {isa = PBXBuildFile; fileRef = 8D06AA592B758D58006A0456 /* MoviesRequests.swift */; };
		8D06AA5D2B758DBE006A0456 /* ApiConstant.swift in Sources */ = {isa = PBXBuildFile; fileRef = 8D06AA5C2B758DBE006A0456 /* ApiConstant.swift */; };
		8D06AA602B759179006A0456 /* DiscoverViewModel.swift in Sources */ = {isa = PBXBuildFile; fileRef = 8D06AA5F2B759179006A0456 /* DiscoverViewModel.swift */; };
		8D06AA632B7591F9006A0456 /* MovieListModel.swift in Sources */ = {isa = PBXBuildFile; fileRef = 8D06AA622B7591F9006A0456 /* MovieListModel.swift */; };
		8D06AA672B759CAE006A0456 /* MoviesSectionCell.swift in Sources */ = {isa = PBXBuildFile; fileRef = 8D06AA652B759CAE006A0456 /* MoviesSectionCell.swift */; };
		8D06AA682B759CAE006A0456 /* MoviesSectionCell.xib in Resources */ = {isa = PBXBuildFile; fileRef = 8D06AA662B759CAE006A0456 /* MoviesSectionCell.xib */; };
		8D06AA6D2B75AD22006A0456 /* MoviesListCell.swift in Sources */ = {isa = PBXBuildFile; fileRef = 8D06AA6B2B75AD22006A0456 /* MoviesListCell.swift */; };
		8D06AA6E2B75AD22006A0456 /* MoviesListCell.xib in Resources */ = {isa = PBXBuildFile; fileRef = 8D06AA6C2B75AD22006A0456 /* MoviesListCell.xib */; };
		8D06AA712B75B183006A0456 /* UIMageView+Extension.swift in Sources */ = {isa = PBXBuildFile; fileRef = 8D06AA702B75B183006A0456 /* UIMageView+Extension.swift */; };
		8D06AA742B75B30B006A0456 /* Math+Extension.swift in Sources */ = {isa = PBXBuildFile; fileRef = 8D06AA732B75B30B006A0456 /* Math+Extension.swift */; };
		8D06AA772B75C015006A0456 /* Genres.swift in Sources */ = {isa = PBXBuildFile; fileRef = 8D06AA762B75C015006A0456 /* Genres.swift */; };
		8D06AA792B75FF77006A0456 /* genre.json in Resources */ = {isa = PBXBuildFile; fileRef = 8D06AA782B75FF77006A0456 /* genre.json */; };
		8D06AA7F2B760EA6006A0456 /* GenreCell.swift in Sources */ = {isa = PBXBuildFile; fileRef = 8D06AA7D2B760EA6006A0456 /* GenreCell.swift */; };
		8D06AA802B760EA6006A0456 /* GenreCell.xib in Resources */ = {isa = PBXBuildFile; fileRef = 8D06AA7E2B760EA6006A0456 /* GenreCell.xib */; };
		8D06AA832B76154A006A0456 /* NowPlayingCell.swift in Sources */ = {isa = PBXBuildFile; fileRef = 8D06AA812B76154A006A0456 /* NowPlayingCell.swift */; };
		8D06AA842B76154A006A0456 /* NowPlayingCell.xib in Resources */ = {isa = PBXBuildFile; fileRef = 8D06AA822B76154A006A0456 /* NowPlayingCell.xib */; };
		8D06AA872B761705006A0456 /* UILabel+Extension.swift in Sources */ = {isa = PBXBuildFile; fileRef = 8D06AA862B761705006A0456 /* UILabel+Extension.swift */; };
		8D07825E2B750BEC00AC2B4F /* UIColor+Extension.swift in Sources */ = {isa = PBXBuildFile; fileRef = 8D07825D2B750BEC00AC2B4F /* UIColor+Extension.swift */; };
		8D0782602B750D3300AC2B4F /* Color.xcassets in Resources */ = {isa = PBXBuildFile; fileRef = 8D07825F2B750D3200AC2B4F /* Color.xcassets */; };
		8D0782642B751B3E00AC2B4F /* InitialViewController.swift in Sources */ = {isa = PBXBuildFile; fileRef = 8D0782632B751B3E00AC2B4F /* InitialViewController.swift */; };
		8D0782692B751C0D00AC2B4F /* LandingViewController.swift in Sources */ = {isa = PBXBuildFile; fileRef = 8D0782682B751C0D00AC2B4F /* LandingViewController.swift */; };
		8D07826C2B751D5200AC2B4F /* UIView+Extenison.swift in Sources */ = {isa = PBXBuildFile; fileRef = 8D07826B2B751D5200AC2B4F /* UIView+Extenison.swift */; };
		8D12006C2B778DA7006ED1EF /* SeeAllViewController.swift in Sources */ = {isa = PBXBuildFile; fileRef = 8D12006A2B778DA6006ED1EF /* SeeAllViewController.swift */; };
		8D12006D2B778DA7006ED1EF /* SeeAllViewController.xib in Resources */ = {isa = PBXBuildFile; fileRef = 8D12006B2B778DA7006ED1EF /* SeeAllViewController.xib */; };
		8D1200712B778F8D006ED1EF /* SeeAllViewModel.swift in Sources */ = {isa = PBXBuildFile; fileRef = 8D1200702B778F8D006ED1EF /* SeeAllViewModel.swift */; };
		8D1200772B780696006ED1EF /* FooterCell.swift in Sources */ = {isa = PBXBuildFile; fileRef = 8D1200752B780696006ED1EF /* FooterCell.swift */; };
		8D1200782B780696006ED1EF /* FooterCell.xib in Resources */ = {isa = PBXBuildFile; fileRef = 8D1200762B780696006ED1EF /* FooterCell.xib */; };
		8D12007D2B7832B8006ED1EF /* searching.json in Resources */ = {isa = PBXBuildFile; fileRef = 8D12007C2B7832B8006ED1EF /* searching.json */; };
		8D1200802B7838CC006ED1EF /* SearchViewModel.swift in Sources */ = {isa = PBXBuildFile; fileRef = 8D12007F2B7838CC006ED1EF /* SearchViewModel.swift */; };
		8D3DB5F42B767C2D007D49F4 /* DetailViewController.swift in Sources */ = {isa = PBXBuildFile; fileRef = 8D3DB5F22B767C2D007D49F4 /* DetailViewController.swift */; };
		8D3DB5F52B767C2D007D49F4 /* DetailViewController.xib in Resources */ = {isa = PBXBuildFile; fileRef = 8D3DB5F32B767C2D007D49F4 /* DetailViewController.xib */; };
		8D3DB5F92B768EC1007D49F4 /* DetailModel.swift in Sources */ = {isa = PBXBuildFile; fileRef = 8D3DB5F82B768EC1007D49F4 /* DetailModel.swift */; };
		8D3DB5FB2B768F7D007D49F4 /* DetailRequest.swift in Sources */ = {isa = PBXBuildFile; fileRef = 8D3DB5FA2B768F7D007D49F4 /* DetailRequest.swift */; };
		8D3DB5FE2B769052007D49F4 /* MoviePosterModel.swift in Sources */ = {isa = PBXBuildFile; fileRef = 8D3DB5FD2B769052007D49F4 /* MoviePosterModel.swift */; };
		8D3DB6012B7691A4007D49F4 /* DetailViewModel.swift in Sources */ = {isa = PBXBuildFile; fileRef = 8D3DB6002B7691A4007D49F4 /* DetailViewModel.swift */; };
		8D3DB6042B76A38D007D49F4 /* DetailHeaderModel.swift in Sources */ = {isa = PBXBuildFile; fileRef = 8D3DB6032B76A38D007D49F4 /* DetailHeaderModel.swift */; };
		8D3DB6082B76A878007D49F4 /* DetailHeaderCell.swift in Sources */ = {isa = PBXBuildFile; fileRef = 8D3DB6062B76A878007D49F4 /* DetailHeaderCell.swift */; };
		8D3DB6092B76A878007D49F4 /* DetailHeaderCell.xib in Resources */ = {isa = PBXBuildFile; fileRef = 8D3DB6072B76A878007D49F4 /* DetailHeaderCell.xib */; };
		8D3DB60D2B76A8CF007D49F4 /* DetailImageCell.swift in Sources */ = {isa = PBXBuildFile; fileRef = 8D3DB60B2B76A8CF007D49F4 /* DetailImageCell.swift */; };
		8D3DB60E2B76A8CF007D49F4 /* DetailImageCell.xib in Resources */ = {isa = PBXBuildFile; fileRef = 8D3DB60C2B76A8CF007D49F4 /* DetailImageCell.xib */; };
		8D3DB6112B76A8DE007D49F4 /* DetailVideoCell.swift in Sources */ = {isa = PBXBuildFile; fileRef = 8D3DB60F2B76A8DE007D49F4 /* DetailVideoCell.swift */; };
		8D3DB6122B76A8DE007D49F4 /* DetailVideoCell.xib in Resources */ = {isa = PBXBuildFile; fileRef = 8D3DB6102B76A8DE007D49F4 /* DetailVideoCell.xib */; };
		8D3DB6182B76C4B0007D49F4 /* DetailCell.swift in Sources */ = {isa = PBXBuildFile; fileRef = 8D3DB6162B76C4B0007D49F4 /* DetailCell.swift */; };
		8D3DB6192B76C4B0007D49F4 /* DetailCell.xib in Resources */ = {isa = PBXBuildFile; fileRef = 8D3DB6172B76C4B0007D49F4 /* DetailCell.xib */; };
		8D6B4B0E2B7520B000A8CA85 /* Nunito-Bold.ttf in Resources */ = {isa = PBXBuildFile; fileRef = 8D6B4AFE2B7520AF00A8CA85 /* Nunito-Bold.ttf */; };
		8D6B4B102B7520B000A8CA85 /* Nunito-ExtraLight.ttf in Resources */ = {isa = PBXBuildFile; fileRef = 8D6B4B002B7520AF00A8CA85 /* Nunito-ExtraLight.ttf */; };
		8D6B4B142B7520B000A8CA85 /* Nunito-Regular.ttf in Resources */ = {isa = PBXBuildFile; fileRef = 8D6B4B042B7520AF00A8CA85 /* Nunito-Regular.ttf */; };
		8D6B4B172B7520B000A8CA85 /* Nunito-Light.ttf in Resources */ = {isa = PBXBuildFile; fileRef = 8D6B4B072B7520AF00A8CA85 /* Nunito-Light.ttf */; };
		8D6B4B1A2B7520B000A8CA85 /* Nunito-Medium.ttf in Resources */ = {isa = PBXBuildFile; fileRef = 8D6B4B0A2B7520B000A8CA85 /* Nunito-Medium.ttf */; };
		8D6B4B1C2B7520B000A8CA85 /* Nunito-SemiBold.ttf in Resources */ = {isa = PBXBuildFile; fileRef = 8D6B4B0C2B7520B000A8CA85 /* Nunito-SemiBold.ttf */; };
		8D6B4B1F2B75227800A8CA85 /* HeaderLabel.swift in Sources */ = {isa = PBXBuildFile; fileRef = 8D6B4B1E2B75227800A8CA85 /* HeaderLabel.swift */; };
		8D6B4B212B7522B600A8CA85 /* RegularLabel.swift in Sources */ = {isa = PBXBuildFile; fileRef = 8D6B4B202B7522B600A8CA85 /* RegularLabel.swift */; };
		8D6B4B232B7522D800A8CA85 /* MediumLabel.swift in Sources */ = {isa = PBXBuildFile; fileRef = 8D6B4B222B7522D800A8CA85 /* MediumLabel.swift */; };
		8D6B4B272B7524A900A8CA85 /* LandingCell.swift in Sources */ = {isa = PBXBuildFile; fileRef = 8D6B4B252B7524A900A8CA85 /* LandingCell.swift */; };
		8D6B4B282B7524A900A8CA85 /* LandingCell.xib in Resources */ = {isa = PBXBuildFile; fileRef = 8D6B4B262B7524A900A8CA85 /* LandingCell.xib */; };
		8D6B4B2D2B7525FA00A8CA85 /* ClassNameProtocol.swift in Sources */ = {isa = PBXBuildFile; fileRef = 8D6B4B2C2B7525FA00A8CA85 /* ClassNameProtocol.swift */; };
		8D6B4B302B75292600A8CA85 /* LandingViewModel.swift in Sources */ = {isa = PBXBuildFile; fileRef = 8D6B4B2F2B75292600A8CA85 /* LandingViewModel.swift */; };
		8D6B4B332B75294E00A8CA85 /* LandingModel.swift in Sources */ = {isa = PBXBuildFile; fileRef = 8D6B4B322B75294E00A8CA85 /* LandingModel.swift */; };
		8D6B4B382B753C5800A8CA85 /* CustomProgress.xib in Resources */ = {isa = PBXBuildFile; fileRef = 8D6B4B372B753C5800A8CA85 /* CustomProgress.xib */; };
		8D6B4B3A2B753C6000A8CA85 /* CustomProgress.swift in Sources */ = {isa = PBXBuildFile; fileRef = 8D6B4B392B753C6000A8CA85 /* CustomProgress.swift */; };
		8D6B4B3D2B753D7C00A8CA85 /* infinity.json in Resources */ = {isa = PBXBuildFile; fileRef = 8D6B4B3C2B753D7C00A8CA85 /* infinity.json */; };
		8D6B4B3F2B753EFF00A8CA85 /* LoadingView.swift in Sources */ = {isa = PBXBuildFile; fileRef = 8D6B4B3E2B753EFF00A8CA85 /* LoadingView.swift */; };
		8D6B4B432B75400300A8CA85 /* BaseViewController.swift in Sources */ = {isa = PBXBuildFile; fileRef = 8D6B4B422B75400300A8CA85 /* BaseViewController.swift */; };
		8D8A28292B750407009FD7A2 /* AppDelegate.swift in Sources */ = {isa = PBXBuildFile; fileRef = 8D8A28282B750407009FD7A2 /* AppDelegate.swift */; };
		8D8A282B2B750407009FD7A2 /* SceneDelegate.swift in Sources */ = {isa = PBXBuildFile; fileRef = 8D8A282A2B750407009FD7A2 /* SceneDelegate.swift */; };
		8D8A28302B750407009FD7A2 /* Main.storyboard in Resources */ = {isa = PBXBuildFile; fileRef = 8D8A282E2B750407009FD7A2 /* Main.storyboard */; };
		8D8A28322B750409009FD7A2 /* Assets.xcassets in Resources */ = {isa = PBXBuildFile; fileRef = 8D8A28312B750409009FD7A2 /* Assets.xcassets */; };
		8D8A28352B750409009FD7A2 /* LaunchScreen.storyboard in Resources */ = {isa = PBXBuildFile; fileRef = 8D8A28332B750409009FD7A2 /* LaunchScreen.storyboard */; };
		8DF206982B76D7AE008D6B24 /* CastCell.swift in Sources */ = {isa = PBXBuildFile; fileRef = 8DF206962B76D7AE008D6B24 /* CastCell.swift */; };
		8DF206992B76D7AE008D6B24 /* CastCell.xib in Resources */ = {isa = PBXBuildFile; fileRef = 8DF206972B76D7AE008D6B24 /* CastCell.xib */; };
		8DF2069C2B76D884008D6B24 /* ArtistCell.swift in Sources */ = {isa = PBXBuildFile; fileRef = 8DF2069A2B76D884008D6B24 /* ArtistCell.swift */; };
		8DF2069D2B76D884008D6B24 /* ArtistCell.xib in Resources */ = {isa = PBXBuildFile; fileRef = 8DF2069B2B76D884008D6B24 /* ArtistCell.xib */; };
		F3BD99FF4585D8A713EA55A9 /* Pods_MovieApp.framework in Frameworks */ = {isa = PBXBuildFile; fileRef = EF79FB6E61D2A6A91EC592AD /* Pods_MovieApp.framework */; };
/* End PBXBuildFile section */

/* Begin PBXFileReference section */
		328CEADAB895A01B43E490B3 /* Pods-MovieApp.debug.xcconfig */ = {isa = PBXFileReference; includeInIndex = 1; lastKnownFileType = text.xcconfig; name = "Pods-MovieApp.debug.xcconfig"; path = "Target Support Files/Pods-MovieApp/Pods-MovieApp.debug.xcconfig"; sourceTree = "<group>"; };
		8D06AA3E2B75428F006A0456 /* BaseViewModel.swift */ = {isa = PBXFileReference; lastKnownFileType = sourcecode.swift; path = BaseViewModel.swift; sourceTree = "<group>"; };
		8D06AA412B755862006A0456 /* Userdefaults+Extension.swift */ = {isa = PBXFileReference; lastKnownFileType = sourcecode.swift; path = "Userdefaults+Extension.swift"; sourceTree = "<group>"; };
		8D06AA442B755B71006A0456 /* DiscoverViewController.swift */ = {isa = PBXFileReference; lastKnownFileType = sourcecode.swift; path = DiscoverViewController.swift; sourceTree = "<group>"; };
		8D06AA472B755B88006A0456 /* SearchViewController.swift */ = {isa = PBXFileReference; lastKnownFileType = sourcecode.swift; path = SearchViewController.swift; sourceTree = "<group>"; };
		8D06AA4A2B755BA0006A0456 /* ListViewController.swift */ = {isa = PBXFileReference; lastKnownFileType = sourcecode.swift; path = ListViewController.swift; sourceTree = "<group>"; };
		8D06AA4D2B755F3C006A0456 /* MainTabbarController.swift */ = {isa = PBXFileReference; lastKnownFileType = sourcecode.swift; path = MainTabbarController.swift; sourceTree = "<group>"; };
		8D06AA532B756139006A0456 /* UIStoryboard+Extension.swift */ = {isa = PBXFileReference; lastKnownFileType = sourcecode.swift; path = "UIStoryboard+Extension.swift"; sourceTree = "<group>"; };
		8D06AA572B758C97006A0456 /* BaseMoyaProvider.swift */ = {isa = PBXFileReference; lastKnownFileType = sourcecode.swift; path = BaseMoyaProvider.swift; sourceTree = "<group>"; };
		8D06AA592B758D58006A0456 /* MoviesRequests.swift */ = {isa = PBXFileReference; lastKnownFileType = sourcecode.swift; path = MoviesRequests.swift; sourceTree = "<group>"; };
		8D06AA5C2B758DBE006A0456 /* ApiConstant.swift */ = {isa = PBXFileReference; lastKnownFileType = sourcecode.swift; path = ApiConstant.swift; sourceTree = "<group>"; };
		8D06AA5F2B759179006A0456 /* DiscoverViewModel.swift */ = {isa = PBXFileReference; lastKnownFileType = sourcecode.swift; path = DiscoverViewModel.swift; sourceTree = "<group>"; };
		8D06AA622B7591F9006A0456 /* MovieListModel.swift */ = {isa = PBXFileReference; lastKnownFileType = sourcecode.swift; path = MovieListModel.swift; sourceTree = "<group>"; };
		8D06AA652B759CAE006A0456 /* MoviesSectionCell.swift */ = {isa = PBXFileReference; lastKnownFileType = sourcecode.swift; path = MoviesSectionCell.swift; sourceTree = "<group>"; };
		8D06AA662B759CAE006A0456 /* MoviesSectionCell.xib */ = {isa = PBXFileReference; lastKnownFileType = file.xib; path = MoviesSectionCell.xib; sourceTree = "<group>"; };
		8D06AA6B2B75AD22006A0456 /* MoviesListCell.swift */ = {isa = PBXFileReference; lastKnownFileType = sourcecode.swift; path = MoviesListCell.swift; sourceTree = "<group>"; };
		8D06AA6C2B75AD22006A0456 /* MoviesListCell.xib */ = {isa = PBXFileReference; lastKnownFileType = file.xib; path = MoviesListCell.xib; sourceTree = "<group>"; };
		8D06AA702B75B183006A0456 /* UIMageView+Extension.swift */ = {isa = PBXFileReference; lastKnownFileType = sourcecode.swift; path = "UIMageView+Extension.swift"; sourceTree = "<group>"; };
		8D06AA732B75B30B006A0456 /* Math+Extension.swift */ = {isa = PBXFileReference; lastKnownFileType = sourcecode.swift; path = "Math+Extension.swift"; sourceTree = "<group>"; };
		8D06AA762B75C015006A0456 /* Genres.swift */ = {isa = PBXFileReference; lastKnownFileType = sourcecode.swift; path = Genres.swift; sourceTree = "<group>"; };
		8D06AA782B75FF77006A0456 /* genre.json */ = {isa = PBXFileReference; fileEncoding = 4; lastKnownFileType = text.json; path = genre.json; sourceTree = "<group>"; };
		8D06AA7D2B760EA6006A0456 /* GenreCell.swift */ = {isa = PBXFileReference; lastKnownFileType = sourcecode.swift; path = GenreCell.swift; sourceTree = "<group>"; };
		8D06AA7E2B760EA6006A0456 /* GenreCell.xib */ = {isa = PBXFileReference; lastKnownFileType = file.xib; path = GenreCell.xib; sourceTree = "<group>"; };
		8D06AA812B76154A006A0456 /* NowPlayingCell.swift */ = {isa = PBXFileReference; lastKnownFileType = sourcecode.swift; path = NowPlayingCell.swift; sourceTree = "<group>"; };
		8D06AA822B76154A006A0456 /* NowPlayingCell.xib */ = {isa = PBXFileReference; lastKnownFileType = file.xib; path = NowPlayingCell.xib; sourceTree = "<group>"; };
		8D06AA862B761705006A0456 /* UILabel+Extension.swift */ = {isa = PBXFileReference; lastKnownFileType = sourcecode.swift; path = "UILabel+Extension.swift"; sourceTree = "<group>"; };
		8D07825D2B750BEC00AC2B4F /* UIColor+Extension.swift */ = {isa = PBXFileReference; lastKnownFileType = sourcecode.swift; path = "UIColor+Extension.swift"; sourceTree = "<group>"; };
		8D07825F2B750D3200AC2B4F /* Color.xcassets */ = {isa = PBXFileReference; lastKnownFileType = folder.assetcatalog; path = Color.xcassets; sourceTree = "<group>"; };
		8D0782632B751B3E00AC2B4F /* InitialViewController.swift */ = {isa = PBXFileReference; lastKnownFileType = sourcecode.swift; path = InitialViewController.swift; sourceTree = "<group>"; };
		8D0782682B751C0D00AC2B4F /* LandingViewController.swift */ = {isa = PBXFileReference; lastKnownFileType = sourcecode.swift; path = LandingViewController.swift; sourceTree = "<group>"; };
		8D07826B2B751D5200AC2B4F /* UIView+Extenison.swift */ = {isa = PBXFileReference; lastKnownFileType = sourcecode.swift; path = "UIView+Extenison.swift"; sourceTree = "<group>"; };
		8D12006A2B778DA6006ED1EF /* SeeAllViewController.swift */ = {isa = PBXFileReference; lastKnownFileType = sourcecode.swift; path = SeeAllViewController.swift; sourceTree = "<group>"; };
		8D12006B2B778DA7006ED1EF /* SeeAllViewController.xib */ = {isa = PBXFileReference; lastKnownFileType = file.xib; path = SeeAllViewController.xib; sourceTree = "<group>"; };
		8D1200702B778F8D006ED1EF /* SeeAllViewModel.swift */ = {isa = PBXFileReference; lastKnownFileType = sourcecode.swift; path = SeeAllViewModel.swift; sourceTree = "<group>"; };
		8D1200752B780696006ED1EF /* FooterCell.swift */ = {isa = PBXFileReference; lastKnownFileType = sourcecode.swift; path = FooterCell.swift; sourceTree = "<group>"; };
		8D1200762B780696006ED1EF /* FooterCell.xib */ = {isa = PBXFileReference; lastKnownFileType = file.xib; path = FooterCell.xib; sourceTree = "<group>"; };
		8D12007C2B7832B8006ED1EF /* searching.json */ = {isa = PBXFileReference; fileEncoding = 4; lastKnownFileType = text.json; path = searching.json; sourceTree = "<group>"; };
		8D12007F2B7838CC006ED1EF /* SearchViewModel.swift */ = {isa = PBXFileReference; lastKnownFileType = sourcecode.swift; path = SearchViewModel.swift; sourceTree = "<group>"; };
		8D3DB5F22B767C2D007D49F4 /* DetailViewController.swift */ = {isa = PBXFileReference; lastKnownFileType = sourcecode.swift; path = DetailViewController.swift; sourceTree = "<group>"; };
		8D3DB5F32B767C2D007D49F4 /* DetailViewController.xib */ = {isa = PBXFileReference; lastKnownFileType = file.xib; path = DetailViewController.xib; sourceTree = "<group>"; };
		8D3DB5F82B768EC1007D49F4 /* DetailModel.swift */ = {isa = PBXFileReference; lastKnownFileType = sourcecode.swift; path = DetailModel.swift; sourceTree = "<group>"; };
		8D3DB5FA2B768F7D007D49F4 /* DetailRequest.swift */ = {isa = PBXFileReference; lastKnownFileType = sourcecode.swift; path = DetailRequest.swift; sourceTree = "<group>"; };
		8D3DB5FD2B769052007D49F4 /* MoviePosterModel.swift */ = {isa = PBXFileReference; lastKnownFileType = sourcecode.swift; path = MoviePosterModel.swift; sourceTree = "<group>"; };
		8D3DB6002B7691A4007D49F4 /* DetailViewModel.swift */ = {isa = PBXFileReference; lastKnownFileType = sourcecode.swift; path = DetailViewModel.swift; sourceTree = "<group>"; };
		8D3DB6032B76A38D007D49F4 /* DetailHeaderModel.swift */ = {isa = PBXFileReference; lastKnownFileType = sourcecode.swift; path = DetailHeaderModel.swift; sourceTree = "<group>"; };
		8D3DB6062B76A878007D49F4 /* DetailHeaderCell.swift */ = {isa = PBXFileReference; lastKnownFileType = sourcecode.swift; path = DetailHeaderCell.swift; sourceTree = "<group>"; };
		8D3DB6072B76A878007D49F4 /* DetailHeaderCell.xib */ = {isa = PBXFileReference; lastKnownFileType = file.xib; path = DetailHeaderCell.xib; sourceTree = "<group>"; };
		8D3DB60B2B76A8CF007D49F4 /* DetailImageCell.swift */ = {isa = PBXFileReference; lastKnownFileType = sourcecode.swift; path = DetailImageCell.swift; sourceTree = "<group>"; };
		8D3DB60C2B76A8CF007D49F4 /* DetailImageCell.xib */ = {isa = PBXFileReference; lastKnownFileType = file.xib; path = DetailImageCell.xib; sourceTree = "<group>"; };
		8D3DB60F2B76A8DE007D49F4 /* DetailVideoCell.swift */ = {isa = PBXFileReference; lastKnownFileType = sourcecode.swift; path = DetailVideoCell.swift; sourceTree = "<group>"; };
		8D3DB6102B76A8DE007D49F4 /* DetailVideoCell.xib */ = {isa = PBXFileReference; lastKnownFileType = file.xib; path = DetailVideoCell.xib; sourceTree = "<group>"; };
		8D3DB6162B76C4B0007D49F4 /* DetailCell.swift */ = {isa = PBXFileReference; lastKnownFileType = sourcecode.swift; path = DetailCell.swift; sourceTree = "<group>"; };
		8D3DB6172B76C4B0007D49F4 /* DetailCell.xib */ = {isa = PBXFileReference; lastKnownFileType = file.xib; path = DetailCell.xib; sourceTree = "<group>"; };
		8D6B4AFE2B7520AF00A8CA85 /* Nunito-Bold.ttf */ = {isa = PBXFileReference; lastKnownFileType = file; path = "Nunito-Bold.ttf"; sourceTree = "<group>"; };
		8D6B4B002B7520AF00A8CA85 /* Nunito-ExtraLight.ttf */ = {isa = PBXFileReference; lastKnownFileType = file; path = "Nunito-ExtraLight.ttf"; sourceTree = "<group>"; };
		8D6B4B042B7520AF00A8CA85 /* Nunito-Regular.ttf */ = {isa = PBXFileReference; lastKnownFileType = file; path = "Nunito-Regular.ttf"; sourceTree = "<group>"; };
		8D6B4B072B7520AF00A8CA85 /* Nunito-Light.ttf */ = {isa = PBXFileReference; lastKnownFileType = file; path = "Nunito-Light.ttf"; sourceTree = "<group>"; };
		8D6B4B0A2B7520B000A8CA85 /* Nunito-Medium.ttf */ = {isa = PBXFileReference; lastKnownFileType = file; path = "Nunito-Medium.ttf"; sourceTree = "<group>"; };
		8D6B4B0C2B7520B000A8CA85 /* Nunito-SemiBold.ttf */ = {isa = PBXFileReference; lastKnownFileType = file; path = "Nunito-SemiBold.ttf"; sourceTree = "<group>"; };
		8D6B4B1E2B75227800A8CA85 /* HeaderLabel.swift */ = {isa = PBXFileReference; lastKnownFileType = sourcecode.swift; path = HeaderLabel.swift; sourceTree = "<group>"; };
		8D6B4B202B7522B600A8CA85 /* RegularLabel.swift */ = {isa = PBXFileReference; lastKnownFileType = sourcecode.swift; path = RegularLabel.swift; sourceTree = "<group>"; };
		8D6B4B222B7522D800A8CA85 /* MediumLabel.swift */ = {isa = PBXFileReference; lastKnownFileType = sourcecode.swift; path = MediumLabel.swift; sourceTree = "<group>"; };
		8D6B4B252B7524A900A8CA85 /* LandingCell.swift */ = {isa = PBXFileReference; lastKnownFileType = sourcecode.swift; path = LandingCell.swift; sourceTree = "<group>"; };
		8D6B4B262B7524A900A8CA85 /* LandingCell.xib */ = {isa = PBXFileReference; lastKnownFileType = file.xib; path = LandingCell.xib; sourceTree = "<group>"; };
		8D6B4B2C2B7525FA00A8CA85 /* ClassNameProtocol.swift */ = {isa = PBXFileReference; lastKnownFileType = sourcecode.swift; path = ClassNameProtocol.swift; sourceTree = "<group>"; };
		8D6B4B2F2B75292600A8CA85 /* LandingViewModel.swift */ = {isa = PBXFileReference; lastKnownFileType = sourcecode.swift; path = LandingViewModel.swift; sourceTree = "<group>"; };
		8D6B4B322B75294E00A8CA85 /* LandingModel.swift */ = {isa = PBXFileReference; lastKnownFileType = sourcecode.swift; path = LandingModel.swift; sourceTree = "<group>"; };
		8D6B4B372B753C5800A8CA85 /* CustomProgress.xib */ = {isa = PBXFileReference; lastKnownFileType = file.xib; path = CustomProgress.xib; sourceTree = "<group>"; };
		8D6B4B392B753C6000A8CA85 /* CustomProgress.swift */ = {isa = PBXFileReference; lastKnownFileType = sourcecode.swift; path = CustomProgress.swift; sourceTree = "<group>"; };
		8D6B4B3C2B753D7C00A8CA85 /* infinity.json */ = {isa = PBXFileReference; fileEncoding = 4; lastKnownFileType = text.json; path = infinity.json; sourceTree = "<group>"; };
		8D6B4B3E2B753EFF00A8CA85 /* LoadingView.swift */ = {isa = PBXFileReference; lastKnownFileType = sourcecode.swift; path = LoadingView.swift; sourceTree = "<group>"; };
		8D6B4B422B75400300A8CA85 /* BaseViewController.swift */ = {isa = PBXFileReference; lastKnownFileType = sourcecode.swift; path = BaseViewController.swift; sourceTree = "<group>"; };
		8D8A28252B750407009FD7A2 /* MovieApp.app */ = {isa = PBXFileReference; explicitFileType = wrapper.application; includeInIndex = 0; path = MovieApp.app; sourceTree = BUILT_PRODUCTS_DIR; };
		8D8A28282B750407009FD7A2 /* AppDelegate.swift */ = {isa = PBXFileReference; lastKnownFileType = sourcecode.swift; path = AppDelegate.swift; sourceTree = "<group>"; };
		8D8A282A2B750407009FD7A2 /* SceneDelegate.swift */ = {isa = PBXFileReference; lastKnownFileType = sourcecode.swift; path = SceneDelegate.swift; sourceTree = "<group>"; };
		8D8A282F2B750407009FD7A2 /* Base */ = {isa = PBXFileReference; lastKnownFileType = file.storyboard; name = Base; path = Base.lproj/Main.storyboard; sourceTree = "<group>"; };
		8D8A28312B750409009FD7A2 /* Assets.xcassets */ = {isa = PBXFileReference; lastKnownFileType = folder.assetcatalog; path = Assets.xcassets; sourceTree = "<group>"; };
		8D8A28342B750409009FD7A2 /* Base */ = {isa = PBXFileReference; lastKnownFileType = file.storyboard; name = Base; path = Base.lproj/LaunchScreen.storyboard; sourceTree = "<group>"; };
		8D8A28362B750409009FD7A2 /* Info.plist */ = {isa = PBXFileReference; lastKnownFileType = text.plist.xml; path = Info.plist; sourceTree = "<group>"; };
		8DF206962B76D7AE008D6B24 /* CastCell.swift */ = {isa = PBXFileReference; lastKnownFileType = sourcecode.swift; path = CastCell.swift; sourceTree = "<group>"; };
		8DF206972B76D7AE008D6B24 /* CastCell.xib */ = {isa = PBXFileReference; lastKnownFileType = file.xib; path = CastCell.xib; sourceTree = "<group>"; };
		8DF2069A2B76D884008D6B24 /* ArtistCell.swift */ = {isa = PBXFileReference; lastKnownFileType = sourcecode.swift; path = ArtistCell.swift; sourceTree = "<group>"; };
		8DF2069B2B76D884008D6B24 /* ArtistCell.xib */ = {isa = PBXFileReference; lastKnownFileType = file.xib; path = ArtistCell.xib; sourceTree = "<group>"; };
		DE7743D86469AE521C6EBA83 /* Pods-MovieApp.release.xcconfig */ = {isa = PBXFileReference; includeInIndex = 1; lastKnownFileType = text.xcconfig; name = "Pods-MovieApp.release.xcconfig"; path = "Target Support Files/Pods-MovieApp/Pods-MovieApp.release.xcconfig"; sourceTree = "<group>"; };
		EF79FB6E61D2A6A91EC592AD /* Pods_MovieApp.framework */ = {isa = PBXFileReference; explicitFileType = wrapper.framework; includeInIndex = 0; path = Pods_MovieApp.framework; sourceTree = BUILT_PRODUCTS_DIR; };
/* End PBXFileReference section */

/* Begin PBXFrameworksBuildPhase section */
		8D8A28222B750407009FD7A2 /* Frameworks */ = {
			isa = PBXFrameworksBuildPhase;
			buildActionMask = 2147483647;
			files = (
				F3BD99FF4585D8A713EA55A9 /* Pods_MovieApp.framework in Frameworks */,
			);
			runOnlyForDeploymentPostprocessing = 0;
		};
/* End PBXFrameworksBuildPhase section */

/* Begin PBXGroup section */
		4F46FA713162084321356ACA /* Pods */ = {
			isa = PBXGroup;
			children = (
				328CEADAB895A01B43E490B3 /* Pods-MovieApp.debug.xcconfig */,
				DE7743D86469AE521C6EBA83 /* Pods-MovieApp.release.xcconfig */,
			);
			path = Pods;
			sourceTree = "<group>";
		};
		8D06AA402B75584B006A0456 /* Userdefaults+Extension */ = {
			isa = PBXGroup;
			children = (
				8D06AA412B755862006A0456 /* Userdefaults+Extension.swift */,
			);
			path = "Userdefaults+Extension";
			sourceTree = "<group>";
		};
		8D06AA432B755B58006A0456 /* DiscoverViewController */ = {
			isa = PBXGroup;
			children = (
				8D06AA642B759C94006A0456 /* cells */,
				8D06AA5E2B759168006A0456 /* VM */,
				8D06AA442B755B71006A0456 /* DiscoverViewController.swift */,
			);
			path = DiscoverViewController;
			sourceTree = "<group>";
		};
		8D06AA462B755B75006A0456 /* SearchViewController */ = {
			isa = PBXGroup;
			children = (
				8D12007E2B7838AE006ED1EF /* VM */,
				8D06AA472B755B88006A0456 /* SearchViewController.swift */,
			);
			path = SearchViewController;
			sourceTree = "<group>";
		};
		8D06AA492B755B8B006A0456 /* ListViewController */ = {
			isa = PBXGroup;
			children = (
				8D06AA4A2B755BA0006A0456 /* ListViewController.swift */,
			);
			path = ListViewController;
			sourceTree = "<group>";
		};
		8D06AA4C2B755F1C006A0456 /* MainTabbarController */ = {
			isa = PBXGroup;
			children = (
				8D06AA4D2B755F3C006A0456 /* MainTabbarController.swift */,
			);
			path = MainTabbarController;
			sourceTree = "<group>";
		};
		8D06AA522B756128006A0456 /* UIStoryboard+Extension */ = {
			isa = PBXGroup;
			children = (
				8D06AA532B756139006A0456 /* UIStoryboard+Extension.swift */,
			);
			path = "UIStoryboard+Extension";
			sourceTree = "<group>";
		};
		8D06AA552B758C08006A0456 /* Network */ = {
			isa = PBXGroup;
			children = (
				8D06AA592B758D58006A0456 /* MoviesRequests.swift */,
				8D3DB5FA2B768F7D007D49F4 /* DetailRequest.swift */,
			);
			path = Network;
			sourceTree = "<group>";
		};
		8D06AA562B758C13006A0456 /* BaseMoyaProvider */ = {
			isa = PBXGroup;
			children = (
				8D06AA572B758C97006A0456 /* BaseMoyaProvider.swift */,
			);
			path = BaseMoyaProvider;
			sourceTree = "<group>";
		};
		8D06AA5B2B758DB1006A0456 /* ApiConstant */ = {
			isa = PBXGroup;
			children = (
				8D06AA5C2B758DBE006A0456 /* ApiConstant.swift */,
			);
			path = ApiConstant;
			sourceTree = "<group>";
		};
		8D06AA5E2B759168006A0456 /* VM */ = {
			isa = PBXGroup;
			children = (
				8D06AA5F2B759179006A0456 /* DiscoverViewModel.swift */,
			);
			path = VM;
			sourceTree = "<group>";
		};
		8D06AA612B7591C1006A0456 /* MovieListModel */ = {
			isa = PBXGroup;
			children = (
				8D06AA622B7591F9006A0456 /* MovieListModel.swift */,
			);
			path = MovieListModel;
			sourceTree = "<group>";
		};
		8D06AA642B759C94006A0456 /* cells */ = {
			isa = PBXGroup;
			children = (
				8D06AA652B759CAE006A0456 /* MoviesSectionCell.swift */,
				8D06AA6B2B75AD22006A0456 /* MoviesListCell.swift */,
				8D06AA7D2B760EA6006A0456 /* GenreCell.swift */,
				8D06AA812B76154A006A0456 /* NowPlayingCell.swift */,
			);
			path = cells;
			sourceTree = "<group>";
		};
		8D06AA692B759CBB006A0456 /* DiscoverViewController */ = {
			isa = PBXGroup;
			children = (
				8D06AA6A2B759CC1006A0456 /* cell */,
			);
			path = DiscoverViewController;
			sourceTree = "<group>";
		};
		8D06AA6A2B759CC1006A0456 /* cell */ = {
			isa = PBXGroup;
			children = (
				8D06AA822B76154A006A0456 /* NowPlayingCell.xib */,
				8D06AA7E2B760EA6006A0456 /* GenreCell.xib */,
				8D06AA6C2B75AD22006A0456 /* MoviesListCell.xib */,
				8D06AA662B759CAE006A0456 /* MoviesSectionCell.xib */,
			);
			path = cell;
			sourceTree = "<group>";
		};
		8D06AA6F2B75B16A006A0456 /* UIMageView+Extension */ = {
			isa = PBXGroup;
			children = (
				8D06AA702B75B183006A0456 /* UIMageView+Extension.swift */,
			);
			path = "UIMageView+Extension";
			sourceTree = "<group>";
		};
		8D06AA722B75B2F7006A0456 /* Double+Extension */ = {
			isa = PBXGroup;
			children = (
				8D06AA732B75B30B006A0456 /* Math+Extension.swift */,
			);
			path = "Double+Extension";
			sourceTree = "<group>";
		};
		8D06AA752B75C00B006A0456 /* GenresModel */ = {
			isa = PBXGroup;
			children = (
				8D06AA782B75FF77006A0456 /* genre.json */,
				8D06AA762B75C015006A0456 /* Genres.swift */,
			);
			path = GenresModel;
			sourceTree = "<group>";
		};
		8D06AA852B7616E5006A0456 /* UILabel+Extension */ = {
			isa = PBXGroup;
			children = (
				8D06AA862B761705006A0456 /* UILabel+Extension.swift */,
			);
			path = "UILabel+Extension";
			sourceTree = "<group>";
		};
		8D07825C2B750BD800AC2B4F /* UIColor+Extension */ = {
			isa = PBXGroup;
			children = (
				8D07825D2B750BEC00AC2B4F /* UIColor+Extension.swift */,
			);
			path = "UIColor+Extension";
			sourceTree = "<group>";
		};
		8D0782612B751ABB00AC2B4F /* LandingViewController */ = {
			isa = PBXGroup;
			children = (
				8D6B4B2E2B75291800A8CA85 /* VM */,
				8D6B4B242B75248600A8CA85 /* cell */,
				8D0782682B751C0D00AC2B4F /* LandingViewController.swift */,
			);
			path = LandingViewController;
			sourceTree = "<group>";
		};
		8D0782622B751B2700AC2B4F /* InitialViewController */ = {
			isa = PBXGroup;
			children = (
				8D0782632B751B3E00AC2B4F /* InitialViewController.swift */,
			);
			path = InitialViewController;
			sourceTree = "<group>";
		};
		8D07826A2B751D4000AC2B4F /* UIView+Extenison */ = {
			isa = PBXGroup;
			children = (
				8D07826B2B751D5200AC2B4F /* UIView+Extenison.swift */,
			);
			path = "UIView+Extenison";
			sourceTree = "<group>";
		};
		8D1200692B778D5D006ED1EF /* SeeAllViewController */ = {
			isa = PBXGroup;
			children = (
				8D1200742B780665006ED1EF /* cell */,
				8D12006F2B778F7F006ED1EF /* VM */,
				8D12006A2B778DA6006ED1EF /* SeeAllViewController.swift */,
			);
			path = SeeAllViewController;
			sourceTree = "<group>";
		};
		8D12006E2B778DAF006ED1EF /* SeeAllViewController */ = {
			isa = PBXGroup;
			children = (
				8D1200792B78069A006ED1EF /* cell */,
				8D12006B2B778DA7006ED1EF /* SeeAllViewController.xib */,
			);
			path = SeeAllViewController;
			sourceTree = "<group>";
		};
		8D12006F2B778F7F006ED1EF /* VM */ = {
			isa = PBXGroup;
			children = (
				8D1200702B778F8D006ED1EF /* SeeAllViewModel.swift */,
			);
			path = VM;
			sourceTree = "<group>";
		};
		8D1200742B780665006ED1EF /* cell */ = {
			isa = PBXGroup;
			children = (
				8D1200752B780696006ED1EF /* FooterCell.swift */,
			);
			path = cell;
			sourceTree = "<group>";
		};
		8D1200792B78069A006ED1EF /* cell */ = {
			isa = PBXGroup;
			children = (
				8D1200762B780696006ED1EF /* FooterCell.xib */,
			);
			path = cell;
			sourceTree = "<group>";
		};
		8D12007E2B7838AE006ED1EF /* VM */ = {
			isa = PBXGroup;
			children = (
				8D12007F2B7838CC006ED1EF /* SearchViewModel.swift */,
			);
			path = VM;
			sourceTree = "<group>";
		};
		8D3DB5F12B767C16007D49F4 /* DetailViewController */ = {
			isa = PBXGroup;
			children = (
				8D3DB6052B76A858007D49F4 /* cells */,
				8D3DB5FF2B769197007D49F4 /* VM */,
				8D3DB5F22B767C2D007D49F4 /* DetailViewController.swift */,
			);
			path = DetailViewController;
			sourceTree = "<group>";
		};
		8D3DB5F62B767C31007D49F4 /* DetailViewController */ = {
			isa = PBXGroup;
			children = (
				8D3DB60A2B76A87E007D49F4 /* cell */,
				8D3DB5F32B767C2D007D49F4 /* DetailViewController.xib */,
			);
			path = DetailViewController;
			sourceTree = "<group>";
		};
		8D3DB5F72B768EB3007D49F4 /* DetailModel */ = {
			isa = PBXGroup;
			children = (
				8D3DB5F82B768EC1007D49F4 /* DetailModel.swift */,
			);
			path = DetailModel;
			sourceTree = "<group>";
		};
		8D3DB5FC2B76903F007D49F4 /* MoviePosterModel */ = {
			isa = PBXGroup;
			children = (
				8D3DB5FD2B769052007D49F4 /* MoviePosterModel.swift */,
			);
			path = MoviePosterModel;
			sourceTree = "<group>";
		};
		8D3DB5FF2B769197007D49F4 /* VM */ = {
			isa = PBXGroup;
			children = (
				8D3DB6002B7691A4007D49F4 /* DetailViewModel.swift */,
			);
			path = VM;
			sourceTree = "<group>";
		};
		8D3DB6022B76A376007D49F4 /* DetailHeaderModel */ = {
			isa = PBXGroup;
			children = (
				8D3DB6032B76A38D007D49F4 /* DetailHeaderModel.swift */,
			);
			path = DetailHeaderModel;
			sourceTree = "<group>";
		};
		8D3DB6052B76A858007D49F4 /* cells */ = {
			isa = PBXGroup;
			children = (
				8D3DB6062B76A878007D49F4 /* DetailHeaderCell.swift */,
				8D3DB60B2B76A8CF007D49F4 /* DetailImageCell.swift */,
				8D3DB60F2B76A8DE007D49F4 /* DetailVideoCell.swift */,
				8D3DB6162B76C4B0007D49F4 /* DetailCell.swift */,
				8DF206962B76D7AE008D6B24 /* CastCell.swift */,
				8DF2069A2B76D884008D6B24 /* ArtistCell.swift */,
			);
			path = cells;
			sourceTree = "<group>";
		};
		8D3DB60A2B76A87E007D49F4 /* cell */ = {
			isa = PBXGroup;
			children = (
				8DF2069B2B76D884008D6B24 /* ArtistCell.xib */,
				8DF206972B76D7AE008D6B24 /* CastCell.xib */,
				8D3DB6172B76C4B0007D49F4 /* DetailCell.xib */,
				8D3DB60C2B76A8CF007D49F4 /* DetailImageCell.xib */,
				8D3DB6102B76A8DE007D49F4 /* DetailVideoCell.xib */,
				8D3DB6072B76A878007D49F4 /* DetailHeaderCell.xib */,
			);
			path = cell;
			sourceTree = "<group>";
		};
		8D6B4AFC2B75209B00A8CA85 /* Fonts */ = {
			isa = PBXGroup;
			children = (
				8D6B4AFE2B7520AF00A8CA85 /* Nunito-Bold.ttf */,
				8D6B4B002B7520AF00A8CA85 /* Nunito-ExtraLight.ttf */,
				8D6B4B072B7520AF00A8CA85 /* Nunito-Light.ttf */,
				8D6B4B0A2B7520B000A8CA85 /* Nunito-Medium.ttf */,
				8D6B4B042B7520AF00A8CA85 /* Nunito-Regular.ttf */,
				8D6B4B0C2B7520B000A8CA85 /* Nunito-SemiBold.ttf */,
			);
			path = Fonts;
			sourceTree = "<group>";
		};
		8D6B4B1D2B75226800A8CA85 /* CustomLabels */ = {
			isa = PBXGroup;
			children = (
				8D6B4B1E2B75227800A8CA85 /* HeaderLabel.swift */,
				8D6B4B202B7522B600A8CA85 /* RegularLabel.swift */,
				8D6B4B222B7522D800A8CA85 /* MediumLabel.swift */,
			);
			path = CustomLabels;
			sourceTree = "<group>";
		};
		8D6B4B242B75248600A8CA85 /* cell */ = {
			isa = PBXGroup;
			children = (
				8D6B4B252B7524A900A8CA85 /* LandingCell.swift */,
			);
			path = cell;
			sourceTree = "<group>";
		};
		8D6B4B292B7524AE00A8CA85 /* LandingViewController */ = {
			isa = PBXGroup;
			children = (
				8D6B4B2A2B7524B800A8CA85 /* cell */,
			);
			path = LandingViewController;
			sourceTree = "<group>";
		};
		8D6B4B2A2B7524B800A8CA85 /* cell */ = {
			isa = PBXGroup;
			children = (
				8D6B4B262B7524A900A8CA85 /* LandingCell.xib */,
			);
			path = cell;
			sourceTree = "<group>";
		};
		8D6B4B2B2B7525E900A8CA85 /* Protocols */ = {
			isa = PBXGroup;
			children = (
				8D6B4B2C2B7525FA00A8CA85 /* ClassNameProtocol.swift */,
				8D6B4B3E2B753EFF00A8CA85 /* LoadingView.swift */,
			);
			path = Protocols;
			sourceTree = "<group>";
		};
		8D6B4B2E2B75291800A8CA85 /* VM */ = {
			isa = PBXGroup;
			children = (
				8D6B4B2F2B75292600A8CA85 /* LandingViewModel.swift */,
			);
			path = VM;
			sourceTree = "<group>";
		};
		8D6B4B312B75294400A8CA85 /* LandingModel */ = {
			isa = PBXGroup;
			children = (
				8D6B4B322B75294E00A8CA85 /* LandingModel.swift */,
			);
			path = LandingModel;
			sourceTree = "<group>";
		};
		8D6B4B342B753C3600A8CA85 /* CustomProgress */ = {
			isa = PBXGroup;
			children = (
				8D6B4B372B753C5800A8CA85 /* CustomProgress.xib */,
				8D6B4B392B753C6000A8CA85 /* CustomProgress.swift */,
			);
			path = CustomProgress;
			sourceTree = "<group>";
		};
		8D6B4B3B2B753D6E00A8CA85 /* Lottie */ = {
			isa = PBXGroup;
			children = (
				8D12007C2B7832B8006ED1EF /* searching.json */,
				8D6B4B3C2B753D7C00A8CA85 /* infinity.json */,
			);
			path = Lottie;
			sourceTree = "<group>";
		};
		8D6B4B402B753FEB00A8CA85 /* BaseViewController */ = {
			isa = PBXGroup;
			children = (
				8D6B4B422B75400300A8CA85 /* BaseViewController.swift */,
			);
			path = BaseViewController;
			sourceTree = "<group>";
		};
		8D6B4B412B753FF200A8CA85 /* BaseViewModel */ = {
			isa = PBXGroup;
			children = (
				8D06AA3E2B75428F006A0456 /* BaseViewModel.swift */,
			);
			path = BaseViewModel;
			sourceTree = "<group>";
		};
		8D8A281C2B750407009FD7A2 = {
			isa = PBXGroup;
			children = (
				8D8A28272B750407009FD7A2 /* MovieApp */,
				8D8A28262B750407009FD7A2 /* Products */,
				4F46FA713162084321356ACA /* Pods */,
				F66A7F55A89298BB74FCADC7 /* Frameworks */,
			);
			sourceTree = "<group>";
		};
		8D8A28262B750407009FD7A2 /* Products */ = {
			isa = PBXGroup;
			children = (
				8D8A28252B750407009FD7A2 /* MovieApp.app */,
			);
			name = Products;
			sourceTree = "<group>";
		};
		8D8A28272B750407009FD7A2 /* MovieApp */ = {
			isa = PBXGroup;
			children = (
				8D9E07AF2B75060D00E0ADCD /* VC */,
				8D9E07B02B75061100E0ADCD /* Model */,
				8D9E07AE2B75060600E0ADCD /* Views */,
				8D9E07AC2B7505D900E0ADCD /* Helper+Extensions */,
				8D06AA552B758C08006A0456 /* Network */,
				8D9E07B12B75061700E0ADCD /* Base */,
				8D8A28282B750407009FD7A2 /* AppDelegate.swift */,
				8D8A282A2B750407009FD7A2 /* SceneDelegate.swift */,
				8D8A282E2B750407009FD7A2 /* Main.storyboard */,
				8D8A28312B750409009FD7A2 /* Assets.xcassets */,
				8D07825F2B750D3200AC2B4F /* Color.xcassets */,
				8D8A28332B750409009FD7A2 /* LaunchScreen.storyboard */,
				8D8A28362B750409009FD7A2 /* Info.plist */,
			);
			path = MovieApp;
			sourceTree = "<group>";
		};
		8D9E07AC2B7505D900E0ADCD /* Helper+Extensions */ = {
			isa = PBXGroup;
			children = (
				8D06AA852B7616E5006A0456 /* UILabel+Extension */,
				8D06AA722B75B2F7006A0456 /* Double+Extension */,
				8D06AA6F2B75B16A006A0456 /* UIMageView+Extension */,
				8D06AA5B2B758DB1006A0456 /* ApiConstant */,
				8D06AA522B756128006A0456 /* UIStoryboard+Extension */,
				8D6B4B3B2B753D6E00A8CA85 /* Lottie */,
				8D6B4B2B2B7525E900A8CA85 /* Protocols */,
				8D6B4B1D2B75226800A8CA85 /* CustomLabels */,
				8D6B4AFC2B75209B00A8CA85 /* Fonts */,
				8D06AA402B75584B006A0456 /* Userdefaults+Extension */,
				8D07826A2B751D4000AC2B4F /* UIView+Extenison */,
				8D07825C2B750BD800AC2B4F /* UIColor+Extension */,
			);
			path = "Helper+Extensions";
			sourceTree = "<group>";
		};
		8D9E07AE2B75060600E0ADCD /* Views */ = {
			isa = PBXGroup;
			children = (
				8D12006E2B778DAF006ED1EF /* SeeAllViewController */,
				8D3DB5F62B767C31007D49F4 /* DetailViewController */,
				8D06AA692B759CBB006A0456 /* DiscoverViewController */,
				8D6B4B342B753C3600A8CA85 /* CustomProgress */,
				8D6B4B292B7524AE00A8CA85 /* LandingViewController */,
			);
			path = Views;
			sourceTree = "<group>";
		};
		8D9E07AF2B75060D00E0ADCD /* VC */ = {
			isa = PBXGroup;
			children = (
				8D1200692B778D5D006ED1EF /* SeeAllViewController */,
				8D3DB5F12B767C16007D49F4 /* DetailViewController */,
				8D06AA4C2B755F1C006A0456 /* MainTabbarController */,
				8D06AA492B755B8B006A0456 /* ListViewController */,
				8D06AA462B755B75006A0456 /* SearchViewController */,
				8D06AA432B755B58006A0456 /* DiscoverViewController */,
				8D0782622B751B2700AC2B4F /* InitialViewController */,
				8D0782612B751ABB00AC2B4F /* LandingViewController */,
			);
			path = VC;
			sourceTree = "<group>";
		};
		8D9E07B02B75061100E0ADCD /* Model */ = {
			isa = PBXGroup;
			children = (
				8D3DB6022B76A376007D49F4 /* DetailHeaderModel */,
				8D3DB5FC2B76903F007D49F4 /* MoviePosterModel */,
				8D3DB5F72B768EB3007D49F4 /* DetailModel */,
				8D06AA752B75C00B006A0456 /* GenresModel */,
				8D06AA612B7591C1006A0456 /* MovieListModel */,
				8D6B4B312B75294400A8CA85 /* LandingModel */,
			);
			path = Model;
			sourceTree = "<group>";
		};
		8D9E07B12B75061700E0ADCD /* Base */ = {
			isa = PBXGroup;
			children = (
				8D06AA562B758C13006A0456 /* BaseMoyaProvider */,
				8D6B4B412B753FF200A8CA85 /* BaseViewModel */,
				8D6B4B402B753FEB00A8CA85 /* BaseViewController */,
			);
			path = Base;
			sourceTree = "<group>";
		};
		F66A7F55A89298BB74FCADC7 /* Frameworks */ = {
			isa = PBXGroup;
			children = (
				EF79FB6E61D2A6A91EC592AD /* Pods_MovieApp.framework */,
			);
			name = Frameworks;
			sourceTree = "<group>";
		};
/* End PBXGroup section */

/* Begin PBXNativeTarget section */
		8D8A28242B750407009FD7A2 /* MovieApp */ = {
			isa = PBXNativeTarget;
			buildConfigurationList = 8D8A28392B750409009FD7A2 /* Build configuration list for PBXNativeTarget "MovieApp" */;
			buildPhases = (
				9216AEF1C8B9475791E5024C /* [CP] Check Pods Manifest.lock */,
				8D8A28212B750407009FD7A2 /* Sources */,
				8D8A28222B750407009FD7A2 /* Frameworks */,
				8D8A28232B750407009FD7A2 /* Resources */,
				862696E722C8E5683856E532 /* [CP] Embed Pods Frameworks */,
			);
			buildRules = (
			);
			dependencies = (
			);
			name = MovieApp;
			productName = MovieApp;
			productReference = 8D8A28252B750407009FD7A2 /* MovieApp.app */;
			productType = "com.apple.product-type.application";
		};
/* End PBXNativeTarget section */

/* Begin PBXProject section */
		8D8A281D2B750407009FD7A2 /* Project object */ = {
			isa = PBXProject;
			attributes = {
				BuildIndependentTargetsInParallel = 1;
				LastSwiftUpdateCheck = 1520;
				LastUpgradeCheck = 1520;
				TargetAttributes = {
					8D8A28242B750407009FD7A2 = {
						CreatedOnToolsVersion = 15.2;
					};
				};
			};
			buildConfigurationList = 8D8A28202B750407009FD7A2 /* Build configuration list for PBXProject "MovieApp" */;
			compatibilityVersion = "Xcode 14.0";
			developmentRegion = en;
			hasScannedForEncodings = 0;
			knownRegions = (
				en,
				Base,
			);
			mainGroup = 8D8A281C2B750407009FD7A2;
			productRefGroup = 8D8A28262B750407009FD7A2 /* Products */;
			projectDirPath = "";
			projectRoot = "";
			targets = (
				8D8A28242B750407009FD7A2 /* MovieApp */,
			);
		};
/* End PBXProject section */

/* Begin PBXResourcesBuildPhase section */
		8D8A28232B750407009FD7A2 /* Resources */ = {
			isa = PBXResourcesBuildPhase;
			buildActionMask = 2147483647;
			files = (
				8DF2069D2B76D884008D6B24 /* ArtistCell.xib in Resources */,
				8D3DB5F52B767C2D007D49F4 /* DetailViewController.xib in Resources */,
				8D12006D2B778DA7006ED1EF /* SeeAllViewController.xib in Resources */,
				8D06AA682B759CAE006A0456 /* MoviesSectionCell.xib in Resources */,
				8D8A28352B750409009FD7A2 /* LaunchScreen.storyboard in Resources */,
				8D1200782B780696006ED1EF /* FooterCell.xib in Resources */,
				8D0782602B750D3300AC2B4F /* Color.xcassets in Resources */,
				8D06AA792B75FF77006A0456 /* genre.json in Resources */,
				8D6B4B1C2B7520B000A8CA85 /* Nunito-SemiBold.ttf in Resources */,
				8D06AA842B76154A006A0456 /* NowPlayingCell.xib in Resources */,
				8D3DB60E2B76A8CF007D49F4 /* DetailImageCell.xib in Resources */,
				8D8A28322B750409009FD7A2 /* Assets.xcassets in Resources */,
				8D6B4B3D2B753D7C00A8CA85 /* infinity.json in Resources */,
				8D3DB6092B76A878007D49F4 /* DetailHeaderCell.xib in Resources */,
				8D6B4B1A2B7520B000A8CA85 /* Nunito-Medium.ttf in Resources */,
				8D6B4B282B7524A900A8CA85 /* LandingCell.xib in Resources */,
				8D6B4B0E2B7520B000A8CA85 /* Nunito-Bold.ttf in Resources */,
				8D6B4B382B753C5800A8CA85 /* CustomProgress.xib in Resources */,
				8D6B4B142B7520B000A8CA85 /* Nunito-Regular.ttf in Resources */,
				8DF206992B76D7AE008D6B24 /* CastCell.xib in Resources */,
				8D3DB6192B76C4B0007D49F4 /* DetailCell.xib in Resources */,
				8D3DB6122B76A8DE007D49F4 /* DetailVideoCell.xib in Resources */,
				8D06AA802B760EA6006A0456 /* GenreCell.xib in Resources */,
				8D8A28302B750407009FD7A2 /* Main.storyboard in Resources */,
				8D12007D2B7832B8006ED1EF /* searching.json in Resources */,
				8D06AA6E2B75AD22006A0456 /* MoviesListCell.xib in Resources */,
				8D6B4B172B7520B000A8CA85 /* Nunito-Light.ttf in Resources */,
				8D6B4B102B7520B000A8CA85 /* Nunito-ExtraLight.ttf in Resources */,
			);
			runOnlyForDeploymentPostprocessing = 0;
		};
/* End PBXResourcesBuildPhase section */

/* Begin PBXShellScriptBuildPhase section */
		862696E722C8E5683856E532 /* [CP] Embed Pods Frameworks */ = {
			isa = PBXShellScriptBuildPhase;
			buildActionMask = 2147483647;
			files = (
			);
			inputFileListPaths = (
				"${PODS_ROOT}/Target Support Files/Pods-MovieApp/Pods-MovieApp-frameworks-${CONFIGURATION}-input-files.xcfilelist",
			);
			name = "[CP] Embed Pods Frameworks";
			outputFileListPaths = (
				"${PODS_ROOT}/Target Support Files/Pods-MovieApp/Pods-MovieApp-frameworks-${CONFIGURATION}-output-files.xcfilelist",
			);
			runOnlyForDeploymentPostprocessing = 0;
			shellPath = /bin/sh;
			shellScript = "\"${PODS_ROOT}/Target Support Files/Pods-MovieApp/Pods-MovieApp-frameworks.sh\"\n";
			showEnvVarsInLog = 0;
		};
		9216AEF1C8B9475791E5024C /* [CP] Check Pods Manifest.lock */ = {
			isa = PBXShellScriptBuildPhase;
			buildActionMask = 2147483647;
			files = (
			);
			inputFileListPaths = (
			);
			inputPaths = (
				"${PODS_PODFILE_DIR_PATH}/Podfile.lock",
				"${PODS_ROOT}/Manifest.lock",
			);
			name = "[CP] Check Pods Manifest.lock";
			outputFileListPaths = (
			);
			outputPaths = (
				"$(DERIVED_FILE_DIR)/Pods-MovieApp-checkManifestLockResult.txt",
			);
			runOnlyForDeploymentPostprocessing = 0;
			shellPath = /bin/sh;
			shellScript = "diff \"${PODS_PODFILE_DIR_PATH}/Podfile.lock\" \"${PODS_ROOT}/Manifest.lock\" > /dev/null\nif [ $? != 0 ] ; then\n    # print error to STDERR\n    echo \"error: The sandbox is not in sync with the Podfile.lock. Run 'pod install' or update your CocoaPods installation.\" >&2\n    exit 1\nfi\n# This output is used by Xcode 'outputs' to avoid re-running this script phase.\necho \"SUCCESS\" > \"${SCRIPT_OUTPUT_FILE_0}\"\n";
			showEnvVarsInLog = 0;
		};
/* End PBXShellScriptBuildPhase section */

/* Begin PBXSourcesBuildPhase section */
		8D8A28212B750407009FD7A2 /* Sources */ = {
			isa = PBXSourcesBuildPhase;
			buildActionMask = 2147483647;
			files = (
				8D6B4B1F2B75227800A8CA85 /* HeaderLabel.swift in Sources */,
				8D3DB5FB2B768F7D007D49F4 /* DetailRequest.swift in Sources */,
				8DF2069C2B76D884008D6B24 /* ArtistCell.swift in Sources */,
				8D07826C2B751D5200AC2B4F /* UIView+Extenison.swift in Sources */,
				8D06AA3F2B75428F006A0456 /* BaseViewModel.swift in Sources */,
				8D0782642B751B3E00AC2B4F /* InitialViewController.swift in Sources */,
				8D06AA712B75B183006A0456 /* UIMageView+Extension.swift in Sources */,
				8D06AA632B7591F9006A0456 /* MovieListModel.swift in Sources */,
				8D3DB5F92B768EC1007D49F4 /* DetailModel.swift in Sources */,
				8D06AA422B755862006A0456 /* Userdefaults+Extension.swift in Sources */,
				8D6B4B272B7524A900A8CA85 /* LandingCell.swift in Sources */,
				8D3DB6112B76A8DE007D49F4 /* DetailVideoCell.swift in Sources */,
				8D1200712B778F8D006ED1EF /* SeeAllViewModel.swift in Sources */,
				8D06AA672B759CAE006A0456 /* MoviesSectionCell.swift in Sources */,
				8D06AA5A2B758D58006A0456 /* MoviesRequests.swift in Sources */,
				8D06AA4E2B755F3C006A0456 /* MainTabbarController.swift in Sources */,
				8D6B4B232B7522D800A8CA85 /* MediumLabel.swift in Sources */,
				8D8A28292B750407009FD7A2 /* AppDelegate.swift in Sources */,
				8D1200802B7838CC006ED1EF /* SearchViewModel.swift in Sources */,
				8D06AA452B755B71006A0456 /* DiscoverViewController.swift in Sources */,
				8D8A282B2B750407009FD7A2 /* SceneDelegate.swift in Sources */,
				8D06AA772B75C015006A0456 /* Genres.swift in Sources */,
				8D06AA482B755B88006A0456 /* SearchViewController.swift in Sources */,
				8D0782692B751C0D00AC2B4F /* LandingViewController.swift in Sources */,
				8D3DB5F42B767C2D007D49F4 /* DetailViewController.swift in Sources */,
				8D6B4B3F2B753EFF00A8CA85 /* LoadingView.swift in Sources */,
				8D6B4B2D2B7525FA00A8CA85 /* ClassNameProtocol.swift in Sources */,
				8D3DB5FE2B769052007D49F4 /* MoviePosterModel.swift in Sources */,
				8D06AA5D2B758DBE006A0456 /* ApiConstant.swift in Sources */,
				8D06AA742B75B30B006A0456 /* Math+Extension.swift in Sources */,
				8D07825E2B750BEC00AC2B4F /* UIColor+Extension.swift in Sources */,
				8D3DB6042B76A38D007D49F4 /* DetailHeaderModel.swift in Sources */,
				8D3DB6012B7691A4007D49F4 /* DetailViewModel.swift in Sources */,
				8DF206982B76D7AE008D6B24 /* CastCell.swift in Sources */,
				8D06AA7F2B760EA6006A0456 /* GenreCell.swift in Sources */,
				8D6B4B332B75294E00A8CA85 /* LandingModel.swift in Sources */,
				8D12006C2B778DA7006ED1EF /* SeeAllViewController.swift in Sources */,
				8D3DB6182B76C4B0007D49F4 /* DetailCell.swift in Sources */,
				8D6B4B302B75292600A8CA85 /* LandingViewModel.swift in Sources */,
				8D06AA872B761705006A0456 /* UILabel+Extension.swift in Sources */,
				8D06AA832B76154A006A0456 /* NowPlayingCell.swift in Sources */,
				8D3DB60D2B76A8CF007D49F4 /* DetailImageCell.swift in Sources */,
				8D06AA6D2B75AD22006A0456 /* MoviesListCell.swift in Sources */,
				8D6B4B432B75400300A8CA85 /* BaseViewController.swift in Sources */,
				8D1200772B780696006ED1EF /* FooterCell.swift in Sources */,
				8D06AA602B759179006A0456 /* DiscoverViewModel.swift in Sources */,
				8D6B4B212B7522B600A8CA85 /* RegularLabel.swift in Sources */,
				8D6B4B3A2B753C6000A8CA85 /* CustomProgress.swift in Sources */,
				8D06AA582B758C97006A0456 /* BaseMoyaProvider.swift in Sources */,
				8D06AA542B756139006A0456 /* UIStoryboard+Extension.swift in Sources */,
				8D06AA4B2B755BA0006A0456 /* ListViewController.swift in Sources */,
				8D3DB6082B76A878007D49F4 /* DetailHeaderCell.swift in Sources */,
			);
			runOnlyForDeploymentPostprocessing = 0;
		};
/* End PBXSourcesBuildPhase section */

/* Begin PBXVariantGroup section */
		8D8A282E2B750407009FD7A2 /* Main.storyboard */ = {
			isa = PBXVariantGroup;
			children = (
				8D8A282F2B750407009FD7A2 /* Base */,
			);
			name = Main.storyboard;
			sourceTree = "<group>";
		};
		8D8A28332B750409009FD7A2 /* LaunchScreen.storyboard */ = {
			isa = PBXVariantGroup;
			children = (
				8D8A28342B750409009FD7A2 /* Base */,
			);
			name = LaunchScreen.storyboard;
			sourceTree = "<group>";
		};
/* End PBXVariantGroup section */

/* Begin XCBuildConfiguration section */
		8D8A28372B750409009FD7A2 /* Debug */ = {
			isa = XCBuildConfiguration;
			buildSettings = {
				ALWAYS_SEARCH_USER_PATHS = NO;
				ASSETCATALOG_COMPILER_GENERATE_SWIFT_ASSET_SYMBOL_EXTENSIONS = YES;
				CLANG_ANALYZER_NONNULL = YES;
				CLANG_ANALYZER_NUMBER_OBJECT_CONVERSION = YES_AGGRESSIVE;
				CLANG_CXX_LANGUAGE_STANDARD = "gnu++20";
				CLANG_ENABLE_MODULES = YES;
				CLANG_ENABLE_OBJC_ARC = YES;
				CLANG_ENABLE_OBJC_WEAK = YES;
				CLANG_WARN_BLOCK_CAPTURE_AUTORELEASING = YES;
				CLANG_WARN_BOOL_CONVERSION = YES;
				CLANG_WARN_COMMA = YES;
				CLANG_WARN_CONSTANT_CONVERSION = YES;
				CLANG_WARN_DEPRECATED_OBJC_IMPLEMENTATIONS = YES;
				CLANG_WARN_DIRECT_OBJC_ISA_USAGE = YES_ERROR;
				CLANG_WARN_DOCUMENTATION_COMMENTS = YES;
				CLANG_WARN_EMPTY_BODY = YES;
				CLANG_WARN_ENUM_CONVERSION = YES;
				CLANG_WARN_INFINITE_RECURSION = YES;
				CLANG_WARN_INT_CONVERSION = YES;
				CLANG_WARN_NON_LITERAL_NULL_CONVERSION = YES;
				CLANG_WARN_OBJC_IMPLICIT_RETAIN_SELF = YES;
				CLANG_WARN_OBJC_LITERAL_CONVERSION = YES;
				CLANG_WARN_OBJC_ROOT_CLASS = YES_ERROR;
				CLANG_WARN_QUOTED_INCLUDE_IN_FRAMEWORK_HEADER = YES;
				CLANG_WARN_RANGE_LOOP_ANALYSIS = YES;
				CLANG_WARN_STRICT_PROTOTYPES = YES;
				CLANG_WARN_SUSPICIOUS_MOVE = YES;
				CLANG_WARN_UNGUARDED_AVAILABILITY = YES_AGGRESSIVE;
				CLANG_WARN_UNREACHABLE_CODE = YES;
				CLANG_WARN__DUPLICATE_METHOD_MATCH = YES;
				COPY_PHASE_STRIP = NO;
				DEBUG_INFORMATION_FORMAT = dwarf;
				ENABLE_STRICT_OBJC_MSGSEND = YES;
				ENABLE_TESTABILITY = YES;
				ENABLE_USER_SCRIPT_SANDBOXING = NO;
				GCC_C_LANGUAGE_STANDARD = gnu17;
				GCC_DYNAMIC_NO_PIC = NO;
				GCC_NO_COMMON_BLOCKS = YES;
				GCC_OPTIMIZATION_LEVEL = 0;
				GCC_PREPROCESSOR_DEFINITIONS = (
					"DEBUG=1",
					"$(inherited)",
				);
				GCC_WARN_64_TO_32_BIT_CONVERSION = YES;
				GCC_WARN_ABOUT_RETURN_TYPE = YES_ERROR;
				GCC_WARN_UNDECLARED_SELECTOR = YES;
				GCC_WARN_UNINITIALIZED_AUTOS = YES_AGGRESSIVE;
				GCC_WARN_UNUSED_FUNCTION = YES;
				GCC_WARN_UNUSED_VARIABLE = YES;
				IPHONEOS_DEPLOYMENT_TARGET = 17.2;
				LOCALIZATION_PREFERS_STRING_CATALOGS = YES;
				MTL_ENABLE_DEBUG_INFO = INCLUDE_SOURCE;
				MTL_FAST_MATH = YES;
				ONLY_ACTIVE_ARCH = YES;
				SDKROOT = iphoneos;
				SWIFT_ACTIVE_COMPILATION_CONDITIONS = "DEBUG $(inherited)";
				SWIFT_OPTIMIZATION_LEVEL = "-Onone";
			};
			name = Debug;
		};
		8D8A28382B750409009FD7A2 /* Release */ = {
			isa = XCBuildConfiguration;
			buildSettings = {
				ALWAYS_SEARCH_USER_PATHS = NO;
				ASSETCATALOG_COMPILER_GENERATE_SWIFT_ASSET_SYMBOL_EXTENSIONS = YES;
				CLANG_ANALYZER_NONNULL = YES;
				CLANG_ANALYZER_NUMBER_OBJECT_CONVERSION = YES_AGGRESSIVE;
				CLANG_CXX_LANGUAGE_STANDARD = "gnu++20";
				CLANG_ENABLE_MODULES = YES;
				CLANG_ENABLE_OBJC_ARC = YES;
				CLANG_ENABLE_OBJC_WEAK = YES;
				CLANG_WARN_BLOCK_CAPTURE_AUTORELEASING = YES;
				CLANG_WARN_BOOL_CONVERSION = YES;
				CLANG_WARN_COMMA = YES;
				CLANG_WARN_CONSTANT_CONVERSION = YES;
				CLANG_WARN_DEPRECATED_OBJC_IMPLEMENTATIONS = YES;
				CLANG_WARN_DIRECT_OBJC_ISA_USAGE = YES_ERROR;
				CLANG_WARN_DOCUMENTATION_COMMENTS = YES;
				CLANG_WARN_EMPTY_BODY = YES;
				CLANG_WARN_ENUM_CONVERSION = YES;
				CLANG_WARN_INFINITE_RECURSION = YES;
				CLANG_WARN_INT_CONVERSION = YES;
				CLANG_WARN_NON_LITERAL_NULL_CONVERSION = YES;
				CLANG_WARN_OBJC_IMPLICIT_RETAIN_SELF = YES;
				CLANG_WARN_OBJC_LITERAL_CONVERSION = YES;
				CLANG_WARN_OBJC_ROOT_CLASS = YES_ERROR;
				CLANG_WARN_QUOTED_INCLUDE_IN_FRAMEWORK_HEADER = YES;
				CLANG_WARN_RANGE_LOOP_ANALYSIS = YES;
				CLANG_WARN_STRICT_PROTOTYPES = YES;
				CLANG_WARN_SUSPICIOUS_MOVE = YES;
				CLANG_WARN_UNGUARDED_AVAILABILITY = YES_AGGRESSIVE;
				CLANG_WARN_UNREACHABLE_CODE = YES;
				CLANG_WARN__DUPLICATE_METHOD_MATCH = YES;
				COPY_PHASE_STRIP = NO;
				DEBUG_INFORMATION_FORMAT = "dwarf-with-dsym";
				ENABLE_NS_ASSERTIONS = NO;
				ENABLE_STRICT_OBJC_MSGSEND = YES;
				ENABLE_USER_SCRIPT_SANDBOXING = NO;
				GCC_C_LANGUAGE_STANDARD = gnu17;
				GCC_NO_COMMON_BLOCKS = YES;
				GCC_WARN_64_TO_32_BIT_CONVERSION = YES;
				GCC_WARN_ABOUT_RETURN_TYPE = YES_ERROR;
				GCC_WARN_UNDECLARED_SELECTOR = YES;
				GCC_WARN_UNINITIALIZED_AUTOS = YES_AGGRESSIVE;
				GCC_WARN_UNUSED_FUNCTION = YES;
				GCC_WARN_UNUSED_VARIABLE = YES;
				IPHONEOS_DEPLOYMENT_TARGET = 17.2;
				LOCALIZATION_PREFERS_STRING_CATALOGS = YES;
				MTL_ENABLE_DEBUG_INFO = NO;
				MTL_FAST_MATH = YES;
				SDKROOT = iphoneos;
				SWIFT_COMPILATION_MODE = wholemodule;
				VALIDATE_PRODUCT = YES;
			};
			name = Release;
		};
		8D8A283A2B750409009FD7A2 /* Debug */ = {
			isa = XCBuildConfiguration;
			baseConfigurationReference = 328CEADAB895A01B43E490B3 /* Pods-MovieApp.debug.xcconfig */;
			buildSettings = {
				ASSETCATALOG_COMPILER_APPICON_NAME = AppIcon;
				ASSETCATALOG_COMPILER_GLOBAL_ACCENT_COLOR_NAME = AccentColor;
				CODE_SIGN_STYLE = Automatic;
				CURRENT_PROJECT_VERSION = 1;
				DEVELOPMENT_TEAM = F68Q68LA39;
				GENERATE_INFOPLIST_FILE = YES;
				INFOPLIST_FILE = MovieApp/Info.plist;
				INFOPLIST_KEY_UIApplicationSupportsIndirectInputEvents = YES;
				INFOPLIST_KEY_UILaunchStoryboardName = LaunchScreen;
				INFOPLIST_KEY_UIMainStoryboardFile = Main;
				INFOPLIST_KEY_UISupportedInterfaceOrientations = "UIInterfaceOrientationLandscapeRight UIInterfaceOrientationPortrait";
				LD_RUNPATH_SEARCH_PATHS = (
					"$(inherited)",
					"@executable_path/Frameworks",
				);
				MARKETING_VERSION = 1.0;
				PRODUCT_BUNDLE_IDENTIFIER = com.movie.app.MovieApp.new;
				PRODUCT_NAME = "$(TARGET_NAME)";
				SUPPORTED_PLATFORMS = "iphoneos iphonesimulator";
				SUPPORTS_MACCATALYST = NO;
				SUPPORTS_MAC_DESIGNED_FOR_IPHONE_IPAD = NO;
				SUPPORTS_XR_DESIGNED_FOR_IPHONE_IPAD = NO;
				SWIFT_EMIT_LOC_STRINGS = YES;
				SWIFT_VERSION = 5.0;
				TARGETED_DEVICE_FAMILY = "1,2";
			};
			name = Debug;
		};
		8D8A283B2B750409009FD7A2 /* Release */ = {
			isa = XCBuildConfiguration;
			baseConfigurationReference = DE7743D86469AE521C6EBA83 /* Pods-MovieApp.release.xcconfig */;
			buildSettings = {
				ASSETCATALOG_COMPILER_APPICON_NAME = AppIcon;
				ASSETCATALOG_COMPILER_GLOBAL_ACCENT_COLOR_NAME = AccentColor;
				CODE_SIGN_STYLE = Automatic;
				CURRENT_PROJECT_VERSION = 1;
				DEVELOPMENT_TEAM = F68Q68LA39;
				GENERATE_INFOPLIST_FILE = YES;
				INFOPLIST_FILE = MovieApp/Info.plist;
				INFOPLIST_KEY_UIApplicationSupportsIndirectInputEvents = YES;
				INFOPLIST_KEY_UILaunchStoryboardName = LaunchScreen;
				INFOPLIST_KEY_UIMainStoryboardFile = Main;
				INFOPLIST_KEY_UISupportedInterfaceOrientations = "UIInterfaceOrientationLandscapeRight UIInterfaceOrientationPortrait";
				LD_RUNPATH_SEARCH_PATHS = (
					"$(inherited)",
					"@executable_path/Frameworks",
				);
				MARKETING_VERSION = 1.0;
				PRODUCT_BUNDLE_IDENTIFIER = com.movie.app.MovieApp.new;
				PRODUCT_NAME = "$(TARGET_NAME)";
				SUPPORTED_PLATFORMS = "iphoneos iphonesimulator";
				SUPPORTS_MACCATALYST = NO;
				SUPPORTS_MAC_DESIGNED_FOR_IPHONE_IPAD = NO;
				SUPPORTS_XR_DESIGNED_FOR_IPHONE_IPAD = NO;
				SWIFT_EMIT_LOC_STRINGS = YES;
				SWIFT_VERSION = 5.0;
				TARGETED_DEVICE_FAMILY = "1,2";
			};
			name = Release;
		};
/* End XCBuildConfiguration section */

/* Begin XCConfigurationList section */
		8D8A28202B750407009FD7A2 /* Build configuration list for PBXProject "MovieApp" */ = {
			isa = XCConfigurationList;
			buildConfigurations = (
				8D8A28372B750409009FD7A2 /* Debug */,
				8D8A28382B750409009FD7A2 /* Release */,
			);
			defaultConfigurationIsVisible = 0;
			defaultConfigurationName = Release;
		};
		8D8A28392B750409009FD7A2 /* Build configuration list for PBXNativeTarget "MovieApp" */ = {
			isa = XCConfigurationList;
			buildConfigurations = (
				8D8A283A2B750409009FD7A2 /* Debug */,
				8D8A283B2B750409009FD7A2 /* Release */,
			);
			defaultConfigurationIsVisible = 0;
			defaultConfigurationName = Release;
		};
/* End XCConfigurationList section */
	};
	rootObject = 8D8A281D2B750407009FD7A2 /* Project object */;
}
